%{
  "jason": {:hex, :jason, "1.4.5", "2e3a008590b0b8d7388c20293e9dcc9cf3e5d642fd2a114e4cbbb52e595d940a", [:mix], [{:decimal, "~> 1.0 or ~> 2.0 or ~> 3.0", [hex: :decimal, repo: "hexpm", optional: true]}], "hexpm", "b0c823996102bcd0239b3c2444eb00409b72f6a140c1950bc8b457d836b30684"},
  "quicer": {:hex, :quicer, "0.4.8", "6e0c4c98a68a147cfc3a79e790c5c3822a71c060ca296cf79faaba63ed1207fd", [:rebar3], [{:snabbkaffe, "1.0.10", [hex: :snabbkaffe, repo: "hexpm", optional: false]}], "hexpm", "4ba96ed65a2bbb2ae98261ba5c655c48b8deccf961134797b3a5949416c08409"},
  "snabbkaffe": {:hex, :snabbkaffe, "1.0.10", "9be2f54f61fc6862391b666b2b5b76c3fa53598e2989a17cef1b48cf347a8a63", [:rebar3], [], "hexpm", "70a98df36ae756908d55b5770891d443d63c903833e3e87d544036e13d4fac26"},
}
