// !$*UTF8*$!
{
	archiveVersion = 1;
	classes = {
	};
	objectVersion = 77;
	objects = {

/* Begin PBXBuildFile section */
		18BB853C28A8642292ADFDCA /* PacketTunnelProvider.swift in Sources */ = {isa = PBXBuildFile; fileRef = 7C58AE9DBEA4FE1ECFCC77A4 /* PacketTunnelProvider.swift */; };
		1FF175986BBFBA71175B2119 /* OnboardingView.swift in Sources */ = {isa = PBXBuildFile; fileRef = 9E91DAF7240B1AB0ABD38A8D /* OnboardingView.swift */; };
		36E4621982918E5519BE8E9E /* ZTLPConfiguration.swift in Sources */ = {isa = PBXBuildFile; fileRef = 68000CF1453518BF6B39193B /* ZTLPConfiguration.swift */; };
		39E8291BC07E74BD444149FC /* TunnelConfiguration.swift in Sources */ = {isa = PBXBuildFile; fileRef = B3F0695B2755F6FFB3C3FA21 /* TunnelConfiguration.swift */; };
		3A194533CA22CEED32C8D416 /* ZTLPIdentity.swift in Sources */ = {isa = PBXBuildFile; fileRef = 9AD5C9716977DF801F33DA27 /* ZTLPIdentity.swift */; };
		50FC93D7B6DF71D4B4141FB7 /* KeychainService.swift in Sources */ = {isa = PBXBuildFile; fileRef = 7A6088FAAE6467A12BF10B72 /* KeychainService.swift */; };
		52C50BC59DA61F6278EB8405 /* SettingsViewModel.swift in Sources */ = {isa = PBXBuildFile; fileRef = 99D5B6DEC61F7610D170572A /* SettingsViewModel.swift */; };
		533292D2F1D74DBB8CF9E31A /* SettingsView.swift in Sources */ = {isa = PBXBuildFile; fileRef = 6A98A6B9F9DF87D848B72322 /* SettingsView.swift */; };
		53713F1323DDADBE526EC438 /* EnrollmentViewModelTests.swift in Sources */ = {isa = PBXBuildFile; fileRef = ACE11ACE3E2B6FECE8814ABA /* EnrollmentViewModelTests.swift */; };
		587746EDD9CB2F24306791AB /* EnrollmentViewModel.swift in Sources */ = {isa = PBXBuildFile; fileRef = EB39AED62EE8F69A116903FC /* EnrollmentViewModel.swift */; };
		5B311BE765F5409E06135146 /* NetworkMonitor.swift in Sources */ = {isa = PBXBuildFile; fileRef = 89451A86BDBA5DE92F2F500F /* NetworkMonitor.swift */; };
		7105614BAC2BE48DC291A8B0 /* HomeView.swift in Sources */ = {isa = PBXBuildFile; fileRef = 89C24BDC82DF690F24190B2D /* HomeView.swift */; };
		76B1BFA372D65AFC479EBACB /* ConnectionStatus.swift in Sources */ = {isa = PBXBuildFile; fileRef = D5AF8045644C273E351706D4 /* ConnectionStatus.swift */; };
		7BBA2C7800B66A538E2D1C6E /* Color+ZTLP.swift in Sources */ = {isa = PBXBuildFile; fileRef = AA9B8795185D5093D8F95631 /* Color+ZTLP.swift */; };
		7FF8C9A0ED7F0E695EAFD39C /* TunnelViewModel.swift in Sources */ = {isa = PBXBuildFile; fileRef = F2999C81580662F16AC6B03E /* TunnelViewModel.swift */; };
		85AD116F993661084DAE78B2 /* ZTLPBridge.swift in Sources */ = {isa = PBXBuildFile; fileRef = EA7349E042B8BAC7596BAA82 /* ZTLPBridge.swift */; };
		AEE6C10C37E0E12AD8B7308E /* EnrollmentView.swift in Sources */ = {isa = PBXBuildFile; fileRef = 6DD8C98EB9C092C68D418163 /* EnrollmentView.swift */; };
		B9D88DADB4E22192735094F1 /* Assets.xcassets in Resources */ = {isa = PBXBuildFile; fileRef = DF7E6453D407953E6432F115 /* Assets.xcassets */; };
		BB04D01127B0CAF0F92194B7 /* SecureEnclaveService.swift in Sources */ = {isa = PBXBuildFile; fileRef = 45B4F28822E500B5DDB569CC /* SecureEnclaveService.swift */; };
		C32215CA5BE8C82AA3BEFAE9 /* ContentView.swift in Sources */ = {isa = PBXBuildFile; fileRef = DDB9E741DCE93E4761DE08F4 /* ContentView.swift */; };
		C55BFBBE8FE867873AAFB378 /* TunnelConfiguration.swift in Sources */ = {isa = PBXBuildFile; fileRef = A9A4116144A5A959B0515225 /* TunnelConfiguration.swift */; };
		D41D036BC41CFEBD9B0FD0CA /* IdentityView.swift in Sources */ = {isa = PBXBuildFile; fileRef = 4A7EB8A3208E156EA025CA71 /* IdentityView.swift */; };
		DDC1C5EB291E61F7B1E73F8A /* ZTLPTunnel.appex in Embed Foundation Extensions */ = {isa = PBXBuildFile; fileRef = 10C2CD7B7A6A52F505808697 /* ZTLPTunnel.appex */; settings = {ATTRIBUTES = (RemoveHeadersOnCopy, ); }; };
		E0DA0743CED83D9419B89819 /* ConnectionStatusTests.swift in Sources */ = {isa = PBXBuildFile; fileRef = 7EFF838E964E33540E20C97A /* ConnectionStatusTests.swift */; };
		E51EDC26405FAEE991E4076D /* ServicesView.swift in Sources */ = {isa = PBXBuildFile; fileRef = 9B4AC78AB2D670E57DD98F3D /* ServicesView.swift */; };
		F28EA49224957442AE65E4A7 /* ServicesViewModel.swift in Sources */ = {isa = PBXBuildFile; fileRef = 01F23606D96D8A079F7E3FB9 /* ServicesViewModel.swift */; };
		F3B7163D933E8D9B98CA4DAD /* ZTLPApp.swift in Sources */ = {isa = PBXBuildFile; fileRef = B5496B79502CD3FFD335AC6C /* ZTLPApp.swift */; };
		F5CCC50CD77A9E58AC5F75E2 /* AppDelegate.swift in Sources */ = {isa = PBXBuildFile; fileRef = 6A64C2AF2DE22DCE012560F8 /* AppDelegate.swift */; };
		F725C92DFD88053274413C58 /* KeychainServiceTests.swift in Sources */ = {isa = PBXBuildFile; fileRef = 58B9C9EC8CB94ADB100C3DB9 /* KeychainServiceTests.swift */; };
		FD0D15E637754BC1067D1839 /* ZTLPBridgeTests.swift in Sources */ = {isa = PBXBuildFile; fileRef = 80A0F034228B1159E45AAACD /* ZTLPBridgeTests.swift */; };
		FE5E753515A12847AF6EFA6C /* ZTLPService.swift in Sources */ = {isa = PBXBuildFile; fileRef = 20C97C4B77AA52A20831FA3F /* ZTLPService.swift */; };
		D4E5F6A7B8C9D0E1F2A3B4C5 /* TunnelLogger.swift in Sources */ = {isa = PBXBuildFile; fileRef = A1B2C3D4E5F6A7B8C9D0E1F2 /* TunnelLogger.swift */; };
		E5F6A7B8C9D0E1F2A3B4C5D6 /* TunnelLogger.swift in Sources */ = {isa = PBXBuildFile; fileRef = A1B2C3D4E5F6A7B8C9D0E1F2 /* TunnelLogger.swift */; };
		F6A7B8C9D0E1F2A3B4C5D6E7 /* LogsView.swift in Sources */ = {isa = PBXBuildFile; fileRef = B2C3D4E5F6A7B8C9D0E1F2A3 /* LogsView.swift */; };
		A7B8C9D0E1F2A3B4C5D6E7F8 /* LogsViewModel.swift in Sources */ = {isa = PBXBuildFile; fileRef = C3D4E5F6A7B8C9D0E1F2A3B4 /* LogsViewModel.swift */; };
		F9A8B7C6D5E4F3A2B1C0D9E8 /* ZTLPBridge.swift in Sources */ = {isa = PBXBuildFile; fileRef = EA7349E042B8BAC7596BAA82 /* ZTLPBridge.swift */; };
		BB11CC22DD33EE44FF550001 /* BenchmarkRunner.swift in Sources */ = {isa = PBXBuildFile; fileRef = AA11BB22CC33DD44EE550001 /* BenchmarkRunner.swift */; };
		BB11CC22DD33EE44FF550002 /* BenchmarkView.swift in Sources */ = {isa = PBXBuildFile; fileRef = AA11BB22CC33DD44EE550002 /* BenchmarkView.swift */; };
		BB11CC22DD33EE44FF550003 /* TunnelConfigurationTests.swift in Sources */ = {isa = PBXBuildFile; fileRef = AA11BB22CC33DD44EE550003 /* TunnelConfigurationTests.swift */; };
		BB11CC22DD33EE44FF550004 /* TunnelRemoteAddressTests.swift in Sources */ = {isa = PBXBuildFile; fileRef = AA11BB22CC33DD44EE550004 /* TunnelRemoteAddressTests.swift */; };
		BB11CC22DD33EE44FF550005 /* TunnelLoggerTests.swift in Sources */ = {isa = PBXBuildFile; fileRef = AA11BB22CC33DD44EE550005 /* TunnelLoggerTests.swift */; };
		BB11CC22DD33EE44FF550006 /* BenchmarkResultTests.swift in Sources */ = {isa = PBXBuildFile; fileRef = AA11BB22CC33DD44EE550006 /* BenchmarkResultTests.swift */; };
		DD33EE44FF55AA66BB770001 /* NetworkBenchmark.swift in Sources */ = {isa = PBXBuildFile; fileRef = CC22DD33EE44FF55AA660001 /* NetworkBenchmark.swift */; };
		DD33EE44FF55AA66BB770002 /* HTTPBenchmark.swift in Sources */ = {isa = PBXBuildFile; fileRef = CC22DD33EE44FF55AA660002 /* HTTPBenchmark.swift */; };
		DD33EE44FF55AA66BB770003 /* CertificateService.swift in Sources */ = {isa = PBXBuildFile; fileRef = CC22DD33EE44FF55AA660003 /* CertificateService.swift */; };
/* End PBXBuildFile section */

/* Begin PBXContainerItemProxy section */
		5D17FBE22F041E8CC44B9466 /* PBXContainerItemProxy */ = {
			isa = PBXContainerItemProxy;
			containerPortal = 5B8C0C9C65F0E3E44C34D523 /* Project object */;
			proxyType = 1;
			remoteGlobalIDString = A5A3C551D811969551B3213B;
			remoteInfo = ZTLP;
		};
		D20CCBC4DAFC73CF2FFE2452 /* PBXContainerItemProxy */ = {
			isa = PBXContainerItemProxy;
			containerPortal = 5B8C0C9C65F0E3E44C34D523 /* Project object */;
			proxyType = 1;
			remoteGlobalIDString = B340140FACF8E0D666B1F931;
			remoteInfo = ZTLPTunnel;
		};
/* End PBXContainerItemProxy section */

/* Begin PBXCopyFilesBuildPhase section */
		87CC6FF97E3D13BCA8ECB271 /* Embed Foundation Extensions */ = {
			isa = PBXCopyFilesBuildPhase;
			buildActionMask = 2147483647;
			dstPath = "";
			dstSubfolderSpec = 13;
			files = (
				DDC1C5EB291E61F7B1E73F8A /* ZTLPTunnel.appex in Embed Foundation Extensions */,
			);
			name = "Embed Foundation Extensions";
			runOnlyForDeploymentPostprocessing = 0;
		};
/* End PBXCopyFilesBuildPhase section */

/* Begin PBXFileReference section */
		01F23606D96D8A079F7E3FB9 /* ServicesViewModel.swift */ = {isa = PBXFileReference; lastKnownFileType = sourcecode.swift; path = ServicesViewModel.swift; sourceTree = "<group>"; };
		10C2CD7B7A6A52F505808697 /* ZTLPTunnel.appex */ = {isa = PBXFileReference; explicitFileType = "wrapper.app-extension"; includeInIndex = 0; path = ZTLPTunnel.appex; sourceTree = BUILT_PRODUCTS_DIR; };
		20C97C4B77AA52A20831FA3F /* ZTLPService.swift */ = {isa = PBXFileReference; lastKnownFileType = sourcecode.swift; path = ZTLPService.swift; sourceTree = "<group>"; };
		411B1DD85CF6221E04B3A45E /* ZTLP.entitlements */ = {isa = PBXFileReference; lastKnownFileType = text.plist.entitlements; path = ZTLP.entitlements; sourceTree = "<group>"; };
		45B4F28822E500B5DDB569CC /* SecureEnclaveService.swift */ = {isa = PBXFileReference; lastKnownFileType = sourcecode.swift; path = SecureEnclaveService.swift; sourceTree = "<group>"; };
		4A7EB8A3208E156EA025CA71 /* IdentityView.swift */ = {isa = PBXFileReference; lastKnownFileType = sourcecode.swift; path = IdentityView.swift; sourceTree = "<group>"; };
		58B9C9EC8CB94ADB100C3DB9 /* KeychainServiceTests.swift */ = {isa = PBXFileReference; lastKnownFileType = sourcecode.swift; path = KeychainServiceTests.swift; sourceTree = "<group>"; };
		68000CF1453518BF6B39193B /* ZTLPConfiguration.swift */ = {isa = PBXFileReference; lastKnownFileType = sourcecode.swift; path = ZTLPConfiguration.swift; sourceTree = "<group>"; };
		6A64C2AF2DE22DCE012560F8 /* AppDelegate.swift */ = {isa = PBXFileReference; lastKnownFileType = sourcecode.swift; path = AppDelegate.swift; sourceTree = "<group>"; };
		6A98A6B9F9DF87D848B72322 /* SettingsView.swift */ = {isa = PBXFileReference; lastKnownFileType = sourcecode.swift; path = SettingsView.swift; sourceTree = "<group>"; };
		6DD8C98EB9C092C68D418163 /* EnrollmentView.swift */ = {isa = PBXFileReference; lastKnownFileType = sourcecode.swift; path = EnrollmentView.swift; sourceTree = "<group>"; };
		7A6088FAAE6467A12BF10B72 /* KeychainService.swift */ = {isa = PBXFileReference; lastKnownFileType = sourcecode.swift; path = KeychainService.swift; sourceTree = "<group>"; };
		7C58AE9DBEA4FE1ECFCC77A4 /* PacketTunnelProvider.swift */ = {isa = PBXFileReference; lastKnownFileType = sourcecode.swift; path = PacketTunnelProvider.swift; sourceTree = "<group>"; };
		7EFF838E964E33540E20C97A /* ConnectionStatusTests.swift */ = {isa = PBXFileReference; lastKnownFileType = sourcecode.swift; path = ConnectionStatusTests.swift; sourceTree = "<group>"; };
		80A0F034228B1159E45AAACD /* ZTLPBridgeTests.swift */ = {isa = PBXFileReference; lastKnownFileType = sourcecode.swift; path = ZTLPBridgeTests.swift; sourceTree = "<group>"; };
		89451A86BDBA5DE92F2F500F /* NetworkMonitor.swift */ = {isa = PBXFileReference; lastKnownFileType = sourcecode.swift; path = NetworkMonitor.swift; sourceTree = "<group>"; };
		89C24BDC82DF690F24190B2D /* HomeView.swift */ = {isa = PBXFileReference; lastKnownFileType = sourcecode.swift; path = HomeView.swift; sourceTree = "<group>"; };
		92920C6C8913A627EA5901B0 /* ZTLPTunnel.entitlements */ = {isa = PBXFileReference; lastKnownFileType = text.plist.entitlements; path = ZTLPTunnel.entitlements; sourceTree = "<group>"; };
		99D5B6DEC61F7610D170572A /* SettingsViewModel.swift */ = {isa = PBXFileReference; lastKnownFileType = sourcecode.swift; path = SettingsViewModel.swift; sourceTree = "<group>"; };
		9AD5C9716977DF801F33DA27 /* ZTLPIdentity.swift */ = {isa = PBXFileReference; lastKnownFileType = sourcecode.swift; path = ZTLPIdentity.swift; sourceTree = "<group>"; };
		9B4AC78AB2D670E57DD98F3D /* ServicesView.swift */ = {isa = PBXFileReference; lastKnownFileType = sourcecode.swift; path = ServicesView.swift; sourceTree = "<group>"; };
		9E91DAF7240B1AB0ABD38A8D /* OnboardingView.swift */ = {isa = PBXFileReference; lastKnownFileType = sourcecode.swift; path = OnboardingView.swift; sourceTree = "<group>"; };
		A9A4116144A5A959B0515225 /* TunnelConfiguration.swift */ = {isa = PBXFileReference; lastKnownFileType = sourcecode.swift; path = TunnelConfiguration.swift; sourceTree = "<group>"; };
		AA9B8795185D5093D8F95631 /* Color+ZTLP.swift */ = {isa = PBXFileReference; lastKnownFileType = sourcecode.swift; path = "Color+ZTLP.swift"; sourceTree = "<group>"; };
		AB8947C5959711900EDC01C5 /* ZTLP.app */ = {isa = PBXFileReference; explicitFileType = wrapper.application; includeInIndex = 0; path = ZTLP.app; sourceTree = BUILT_PRODUCTS_DIR; };
		ACE11ACE3E2B6FECE8814ABA /* EnrollmentViewModelTests.swift */ = {isa = PBXFileReference; lastKnownFileType = sourcecode.swift; path = EnrollmentViewModelTests.swift; sourceTree = "<group>"; };
		B3F0695B2755F6FFB3C3FA21 /* TunnelConfiguration.swift */ = {isa = PBXFileReference; lastKnownFileType = sourcecode.swift; path = TunnelConfiguration.swift; sourceTree = "<group>"; };
		B5496B79502CD3FFD335AC6C /* ZTLPApp.swift */ = {isa = PBXFileReference; lastKnownFileType = sourcecode.swift; path = ZTLPApp.swift; sourceTree = "<group>"; };
		B6D5F375750724D890CC802C /* ZTLPTunnel-Bridging-Header.h */ = {isa = PBXFileReference; lastKnownFileType = sourcecode.c.h; path = "ZTLPTunnel-Bridging-Header.h"; sourceTree = "<group>"; };
		D5AF8045644C273E351706D4 /* ConnectionStatus.swift */ = {isa = PBXFileReference; lastKnownFileType = sourcecode.swift; path = ConnectionStatus.swift; sourceTree = "<group>"; };
		DDB9E741DCE93E4761DE08F4 /* ContentView.swift */ = {isa = PBXFileReference; lastKnownFileType = sourcecode.swift; path = ContentView.swift; sourceTree = "<group>"; };
		DF7E6453D407953E6432F115 /* Assets.xcassets */ = {isa = PBXFileReference; lastKnownFileType = folder.assetcatalog; path = Assets.xcassets; sourceTree = "<group>"; };
		E1C6E48E391FCCE5528F1C32 /* ZTLP-Bridging-Header.h */ = {isa = PBXFileReference; lastKnownFileType = sourcecode.c.h; path = "ZTLP-Bridging-Header.h"; sourceTree = "<group>"; };
		EA7349E042B8BAC7596BAA82 /* ZTLPBridge.swift */ = {isa = PBXFileReference; lastKnownFileType = sourcecode.swift; path = ZTLPBridge.swift; sourceTree = "<group>"; };
		EB39AED62EE8F69A116903FC /* EnrollmentViewModel.swift */ = {isa = PBXFileReference; lastKnownFileType = sourcecode.swift; path = EnrollmentViewModel.swift; sourceTree = "<group>"; };
		ED182AF9379C3B47E706235A /* ZTLPTests.xctest */ = {isa = PBXFileReference; includeInIndex = 0; lastKnownFileType = wrapper.cfbundle; path = ZTLPTests.xctest; sourceTree = BUILT_PRODUCTS_DIR; };
		F2999C81580662F16AC6B03E /* TunnelViewModel.swift */ = {isa = PBXFileReference; lastKnownFileType = sourcecode.swift; path = TunnelViewModel.swift; sourceTree = "<group>"; };
		A1B2C3D4E5F6A7B8C9D0E1F2 /* TunnelLogger.swift */ = {isa = PBXFileReference; lastKnownFileType = sourcecode.swift; path = TunnelLogger.swift; sourceTree = "<group>"; };
		B2C3D4E5F6A7B8C9D0E1F2A3 /* LogsView.swift */ = {isa = PBXFileReference; lastKnownFileType = sourcecode.swift; path = LogsView.swift; sourceTree = "<group>"; };
		C3D4E5F6A7B8C9D0E1F2A3B4 /* LogsViewModel.swift */ = {isa = PBXFileReference; lastKnownFileType = sourcecode.swift; path = LogsViewModel.swift; sourceTree = "<group>"; };
		AA11BB22CC33DD44EE550001 /* BenchmarkRunner.swift */ = {isa = PBXFileReference; lastKnownFileType = sourcecode.swift; path = BenchmarkRunner.swift; sourceTree = "<group>"; };
		AA11BB22CC33DD44EE550002 /* BenchmarkView.swift */ = {isa = PBXFileReference; lastKnownFileType = sourcecode.swift; path = BenchmarkView.swift; sourceTree = "<group>"; };
		AA11BB22CC33DD44EE550003 /* TunnelConfigurationTests.swift */ = {isa = PBXFileReference; lastKnownFileType = sourcecode.swift; path = TunnelConfigurationTests.swift; sourceTree = "<group>"; };
		AA11BB22CC33DD44EE550004 /* TunnelRemoteAddressTests.swift */ = {isa = PBXFileReference; lastKnownFileType = sourcecode.swift; path = TunnelRemoteAddressTests.swift; sourceTree = "<group>"; };
		AA11BB22CC33DD44EE550005 /* TunnelLoggerTests.swift */ = {isa = PBXFileReference; lastKnownFileType = sourcecode.swift; path = TunnelLoggerTests.swift; sourceTree = "<group>"; };
		AA11BB22CC33DD44EE550006 /* BenchmarkResultTests.swift */ = {isa = PBXFileReference; lastKnownFileType = sourcecode.swift; path = BenchmarkResultTests.swift; sourceTree = "<group>"; };
		CC22DD33EE44FF55AA660001 /* NetworkBenchmark.swift */ = {isa = PBXFileReference; lastKnownFileType = sourcecode.swift; path = NetworkBenchmark.swift; sourceTree = "<group>"; };
		CC22DD33EE44FF55AA660002 /* HTTPBenchmark.swift */ = {isa = PBXFileReference; lastKnownFileType = sourcecode.swift; path = HTTPBenchmark.swift; sourceTree = "<group>"; };
		CC22DD33EE44FF55AA660003 /* CertificateService.swift */ = {isa = PBXFileReference; lastKnownFileType = sourcecode.swift; path = CertificateService.swift; sourceTree = "<group>"; };
/* End PBXFileReference section */

/* Begin PBXGroup section */
		30F094DDD6F32C2EB91ED7EA /* Extensions */ = {
			isa = PBXGroup;
			children = (
				AA9B8795185D5093D8F95631 /* Color+ZTLP.swift */,
			);
			path = Extensions;
			sourceTree = "<group>";
		};
		3DB177FF1C5385C84A8ABBAD /* ZTLPTests */ = {
			isa = PBXGroup;
			children = (
				7EFF838E964E33540E20C97A /* ConnectionStatusTests.swift */,
				ACE11ACE3E2B6FECE8814ABA /* EnrollmentViewModelTests.swift */,
				58B9C9EC8CB94ADB100C3DB9 /* KeychainServiceTests.swift */,
				80A0F034228B1159E45AAACD /* ZTLPBridgeTests.swift */,
				AA11BB22CC33DD44EE550003 /* TunnelConfigurationTests.swift */,
				AA11BB22CC33DD44EE550004 /* TunnelRemoteAddressTests.swift */,
				AA11BB22CC33DD44EE550005 /* TunnelLoggerTests.swift */,
				AA11BB22CC33DD44EE550006 /* BenchmarkResultTests.swift */,
			);
			path = ZTLPTests;
			sourceTree = "<group>";
		};
		4E4743FC4A05E4CABEB2A9DE /* Resources */ = {
			isa = PBXGroup;
			children = (
				DF7E6453D407953E6432F115 /* Assets.xcassets */,
			);
			path = Resources;
			sourceTree = "<group>";
		};
		55BA939CBA8153260B14C5D8 /* ZTLPTunnel */ = {
			isa = PBXGroup;
			children = (
				7C58AE9DBEA4FE1ECFCC77A4 /* PacketTunnelProvider.swift */,
				A9A4116144A5A959B0515225 /* TunnelConfiguration.swift */,
				B6D5F375750724D890CC802C /* ZTLPTunnel-Bridging-Header.h */,
				92920C6C8913A627EA5901B0 /* ZTLPTunnel.entitlements */,
			);
			path = ZTLPTunnel;
			sourceTree = "<group>";
		};
		6A1F5A804AA9B4F484435CFF = {
			isa = PBXGroup;
			children = (
				C23E3E3136AE83B100814A28 /* ZTLP */,
				3DB177FF1C5385C84A8ABBAD /* ZTLPTests */,
				55BA939CBA8153260B14C5D8 /* ZTLPTunnel */,
				CD497DEB1075A9338B81653F /* Products */,
			);
			sourceTree = "<group>";
		};
		89D88C238CC7ECFDC11F8FDB /* Models */ = {
			isa = PBXGroup;
			children = (
				D5AF8045644C273E351706D4 /* ConnectionStatus.swift */,
				B3F0695B2755F6FFB3C3FA21 /* TunnelConfiguration.swift */,
				68000CF1453518BF6B39193B /* ZTLPConfiguration.swift */,
				9AD5C9716977DF801F33DA27 /* ZTLPIdentity.swift */,
				20C97C4B77AA52A20831FA3F /* ZTLPService.swift */,
			);
			path = Models;
			sourceTree = "<group>";
		};
		8A6DDBEB8E0D55F62738A81A /* Views */ = {
			isa = PBXGroup;
			children = (
				DDB9E741DCE93E4761DE08F4 /* ContentView.swift */,
				6DD8C98EB9C092C68D418163 /* EnrollmentView.swift */,
				89C24BDC82DF690F24190B2D /* HomeView.swift */,
				4A7EB8A3208E156EA025CA71 /* IdentityView.swift */,
				B2C3D4E5F6A7B8C9D0E1F2A3 /* LogsView.swift */,
				9E91DAF7240B1AB0ABD38A8D /* OnboardingView.swift */,
				9B4AC78AB2D670E57DD98F3D /* ServicesView.swift */,
				6A98A6B9F9DF87D848B72322 /* SettingsView.swift */,
				AA11BB22CC33DD44EE550002 /* BenchmarkView.swift */,
			);
			path = Views;
			sourceTree = "<group>";
		};
		B88E916D9B29C330F84B3239 /* ViewModels */ = {
			isa = PBXGroup;
			children = (
				EB39AED62EE8F69A116903FC /* EnrollmentViewModel.swift */,
				C3D4E5F6A7B8C9D0E1F2A3B4 /* LogsViewModel.swift */,
				01F23606D96D8A079F7E3FB9 /* ServicesViewModel.swift */,
				99D5B6DEC61F7610D170572A /* SettingsViewModel.swift */,
				F2999C81580662F16AC6B03E /* TunnelViewModel.swift */,
			);
			path = ViewModels;
			sourceTree = "<group>";
		};
		BF2D617A5D430681B31FD666 /* Services */ = {
			isa = PBXGroup;
			children = (
				7A6088FAAE6467A12BF10B72 /* KeychainService.swift */,
				89451A86BDBA5DE92F2F500F /* NetworkMonitor.swift */,
				45B4F28822E500B5DDB569CC /* SecureEnclaveService.swift */,
				EA7349E042B8BAC7596BAA82 /* ZTLPBridge.swift */,
				A1B2C3D4E5F6A7B8C9D0E1F2 /* TunnelLogger.swift */,
				AA11BB22CC33DD44EE550001 /* BenchmarkRunner.swift */,
				CC22DD33EE44FF55AA660001 /* NetworkBenchmark.swift */,
				CC22DD33EE44FF55AA660002 /* HTTPBenchmark.swift */,
				CC22DD33EE44FF55AA660003 /* CertificateService.swift */,
			);
			path = Services;
			sourceTree = "<group>";
		};
		C23E3E3136AE83B100814A28 /* ZTLP */ = {
			isa = PBXGroup;
			children = (
				E1C6E48E391FCCE5528F1C32 /* ZTLP-Bridging-Header.h */,
				411B1DD85CF6221E04B3A45E /* ZTLP.entitlements */,
				C46671B6D96AB5A0FE2547A5 /* App */,
				30F094DDD6F32C2EB91ED7EA /* Extensions */,
				89D88C238CC7ECFDC11F8FDB /* Models */,
				4E4743FC4A05E4CABEB2A9DE /* Resources */,
				BF2D617A5D430681B31FD666 /* Services */,
				B88E916D9B29C330F84B3239 /* ViewModels */,
				8A6DDBEB8E0D55F62738A81A /* Views */,
			);
			path = ZTLP;
			sourceTree = "<group>";
		};
		C46671B6D96AB5A0FE2547A5 /* App */ = {
			isa = PBXGroup;
			children = (
				6A64C2AF2DE22DCE012560F8 /* AppDelegate.swift */,
				B5496B79502CD3FFD335AC6C /* ZTLPApp.swift */,
			);
			path = App;
			sourceTree = "<group>";
		};
		CD497DEB1075A9338B81653F /* Products */ = {
			isa = PBXGroup;
			children = (
				AB8947C5959711900EDC01C5 /* ZTLP.app */,
				ED182AF9379C3B47E706235A /* ZTLPTests.xctest */,
				10C2CD7B7A6A52F505808697 /* ZTLPTunnel.appex */,
			);
			name = Products;
			sourceTree = "<group>";
		};
/* End PBXGroup section */

/* Begin PBXNativeTarget section */
		8F043EB454C9551AEE165113 /* ZTLPTests */ = {
			isa = PBXNativeTarget;
			buildConfigurationList = 9306A94B182D82CBD7254D53 /* Build configuration list for PBXNativeTarget "ZTLPTests" */;
			buildPhases = (
				E2492C3597D1B0ADBA331C0B /* Sources */,
			);
			buildRules = (
			);
			dependencies = (
				3433B54D40A90FAA2976AEBD /* PBXTargetDependency */,
			);
			name = ZTLPTests;
			packageProductDependencies = (
			);
			productName = ZTLPTests;
			productReference = ED182AF9379C3B47E706235A /* ZTLPTests.xctest */;
			productType = "com.apple.product-type.bundle.unit-test";
		};
		A5A3C551D811969551B3213B /* ZTLP */ = {
			isa = PBXNativeTarget;
			buildConfigurationList = 05FC7F5A33943BB2325C2F18 /* Build configuration list for PBXNativeTarget "ZTLP" */;
			buildPhases = (
				FD593BFB034B976B51E5A003 /* Sources */,
				2AEB8E367D90BE56D5810FD8 /* Resources */,
				87CC6FF97E3D13BCA8ECB271 /* Embed Foundation Extensions */,
			);
			buildRules = (
			);
			dependencies = (
				2BA5BFEC998AE55B77DDE73E /* PBXTargetDependency */,
			);
			name = ZTLP;
			packageProductDependencies = (
			);
			productName = ZTLP;
			productReference = AB8947C5959711900EDC01C5 /* ZTLP.app */;
			productType = "com.apple.product-type.application";
		};
		B340140FACF8E0D666B1F931 /* ZTLPTunnel */ = {
			isa = PBXNativeTarget;
			buildConfigurationList = 99AD527FC3520F277D9B3910 /* Build configuration list for PBXNativeTarget "ZTLPTunnel" */;
			buildPhases = (
				04CBA3F3D1633FAE85862462 /* Sources */,
			);
			buildRules = (
			);
			dependencies = (
			);
			name = ZTLPTunnel;
			packageProductDependencies = (
			);
			productName = ZTLPTunnel;
			productReference = 10C2CD7B7A6A52F505808697 /* ZTLPTunnel.appex */;
			productType = "com.apple.product-type.app-extension";
		};
/* End PBXNativeTarget section */

/* Begin PBXProject section */
		5B8C0C9C65F0E3E44C34D523 /* Project object */ = {
			isa = PBXProject;
			attributes = {
				BuildIndependentTargetsInParallel = YES;
				LastUpgradeCheck = 1500;
				TargetAttributes = {
					8F043EB454C9551AEE165113 = {
						ProvisioningStyle = Automatic;
					};
					A5A3C551D811969551B3213B = {
						ProvisioningStyle = Automatic;
					};
					B340140FACF8E0D666B1F931 = {
						ProvisioningStyle = Automatic;
					};
				};
			};
			buildConfigurationList = A810BF80A4C07AF6FD66FC8F /* Build configuration list for PBXProject "ZTLP" */;
			developmentRegion = en;
			hasScannedForEncodings = 0;
			knownRegions = (
				Base,
				en,
			);
			mainGroup = 6A1F5A804AA9B4F484435CFF;
			minimizedProjectReferenceProxies = 1;
			preferredProjectObjectVersion = 77;
			productRefGroup = CD497DEB1075A9338B81653F /* Products */;
			projectDirPath = "";
			projectRoot = "";
			targets = (
				A5A3C551D811969551B3213B /* ZTLP */,
				8F043EB454C9551AEE165113 /* ZTLPTests */,
				B340140FACF8E0D666B1F931 /* ZTLPTunnel */,
			);
		};
/* End PBXProject section */

/* Begin PBXResourcesBuildPhase section */
		2AEB8E367D90BE56D5810FD8 /* Resources */ = {
			isa = PBXResourcesBuildPhase;
			buildActionMask = 2147483647;
			files = (
				B9D88DADB4E22192735094F1 /* Assets.xcassets in Resources */,
			);
			runOnlyForDeploymentPostprocessing = 0;
		};
/* End PBXResourcesBuildPhase section */

/* Begin PBXSourcesBuildPhase section */
		04CBA3F3D1633FAE85862462 /* Sources */ = {
			isa = PBXSourcesBuildPhase;
			buildActionMask = 2147483647;
			files = (
				18BB853C28A8642292ADFDCA /* PacketTunnelProvider.swift in Sources */,
				C55BFBBE8FE867873AAFB378 /* TunnelConfiguration.swift in Sources */,
				E5F6A7B8C9D0E1F2A3B4C5D6 /* TunnelLogger.swift in Sources */,
				F9A8B7C6D5E4F3A2B1C0D9E8 /* ZTLPBridge.swift in Sources */,
			);
			runOnlyForDeploymentPostprocessing = 0;
		};
		E2492C3597D1B0ADBA331C0B /* Sources */ = {
			isa = PBXSourcesBuildPhase;
			buildActionMask = 2147483647;
			files = (
				E0DA0743CED83D9419B89819 /* ConnectionStatusTests.swift in Sources */,
				53713F1323DDADBE526EC438 /* EnrollmentViewModelTests.swift in Sources */,
				F725C92DFD88053274413C58 /* KeychainServiceTests.swift in Sources */,
				FD0D15E637754BC1067D1839 /* ZTLPBridgeTests.swift in Sources */,
				BB11CC22DD33EE44FF550003 /* TunnelConfigurationTests.swift in Sources */,
				BB11CC22DD33EE44FF550004 /* TunnelRemoteAddressTests.swift in Sources */,
				BB11CC22DD33EE44FF550005 /* TunnelLoggerTests.swift in Sources */,
				BB11CC22DD33EE44FF550006 /* BenchmarkResultTests.swift in Sources */,
			);
			runOnlyForDeploymentPostprocessing = 0;
		};
		FD593BFB034B976B51E5A003 /* Sources */ = {
			isa = PBXSourcesBuildPhase;
			buildActionMask = 2147483647;
			files = (
				F5CCC50CD77A9E58AC5F75E2 /* AppDelegate.swift in Sources */,
				7BBA2C7800B66A538E2D1C6E /* Color+ZTLP.swift in Sources */,
				76B1BFA372D65AFC479EBACB /* ConnectionStatus.swift in Sources */,
				C32215CA5BE8C82AA3BEFAE9 /* ContentView.swift in Sources */,
				AEE6C10C37E0E12AD8B7308E /* EnrollmentView.swift in Sources */,
				587746EDD9CB2F24306791AB /* EnrollmentViewModel.swift in Sources */,
				7105614BAC2BE48DC291A8B0 /* HomeView.swift in Sources */,
				D41D036BC41CFEBD9B0FD0CA /* IdentityView.swift in Sources */,
				50FC93D7B6DF71D4B4141FB7 /* KeychainService.swift in Sources */,
				5B311BE765F5409E06135146 /* NetworkMonitor.swift in Sources */,
				1FF175986BBFBA71175B2119 /* OnboardingView.swift in Sources */,
				BB04D01127B0CAF0F92194B7 /* SecureEnclaveService.swift in Sources */,
				E51EDC26405FAEE991E4076D /* ServicesView.swift in Sources */,
				F28EA49224957442AE65E4A7 /* ServicesViewModel.swift in Sources */,
				533292D2F1D74DBB8CF9E31A /* SettingsView.swift in Sources */,
				52C50BC59DA61F6278EB8405 /* SettingsViewModel.swift in Sources */,
				39E8291BC07E74BD444149FC /* TunnelConfiguration.swift in Sources */,
				7FF8C9A0ED7F0E695EAFD39C /* TunnelViewModel.swift in Sources */,
				F3B7163D933E8D9B98CA4DAD /* ZTLPApp.swift in Sources */,
				85AD116F993661084DAE78B2 /* ZTLPBridge.swift in Sources */,
				36E4621982918E5519BE8E9E /* ZTLPConfiguration.swift in Sources */,
				3A194533CA22CEED32C8D416 /* ZTLPIdentity.swift in Sources */,
				FE5E753515A12847AF6EFA6C /* ZTLPService.swift in Sources */,
				D4E5F6A7B8C9D0E1F2A3B4C5 /* TunnelLogger.swift in Sources */,
				F6A7B8C9D0E1F2A3B4C5D6E7 /* LogsView.swift in Sources */,
				A7B8C9D0E1F2A3B4C5D6E7F8 /* LogsViewModel.swift in Sources */,
				BB11CC22DD33EE44FF550001 /* BenchmarkRunner.swift in Sources */,
				DD33EE44FF55AA66BB770001 /* NetworkBenchmark.swift in Sources */,
				DD33EE44FF55AA66BB770002 /* HTTPBenchmark.swift in Sources */,
				DD33EE44FF55AA66BB770003 /* CertificateService.swift in Sources */,
				BB11CC22DD33EE44FF550002 /* BenchmarkView.swift in Sources */,
			);
			runOnlyForDeploymentPostprocessing = 0;
		};
/* End PBXSourcesBuildPhase section */

/* Begin PBXTargetDependency section */
		2BA5BFEC998AE55B77DDE73E /* PBXTargetDependency */ = {
			isa = PBXTargetDependency;
			target = B340140FACF8E0D666B1F931 /* ZTLPTunnel */;
			targetProxy = D20CCBC4DAFC73CF2FFE2452 /* PBXContainerItemProxy */;
		};
		3433B54D40A90FAA2976AEBD /* PBXTargetDependency */ = {
			isa = PBXTargetDependency;
			target = A5A3C551D811969551B3213B /* ZTLP */;
			targetProxy = 5D17FBE22F041E8CC44B9466 /* PBXContainerItemProxy */;
		};
/* End PBXTargetDependency section */

/* Begin XCBuildConfiguration section */
		601B67431C0FAFB4EA977539 /* Release */ = {
			isa = XCBuildConfiguration;
			buildSettings = {
				CODE_SIGN_ENTITLEMENTS = ZTLPTunnel/ZTLPTunnel.entitlements;
				CODE_SIGN_STYLE = Automatic;
				DEVELOPMENT_TEAM = 5527A7TH5P;
				HEADER_SEARCH_PATHS = (
					"$(inherited)",
					"$(PROJECT_DIR)/Libraries",
				);
				INFOPLIST_FILE = ZTLPTunnel/Info.plist;
				LD_RUNPATH_SEARCH_PATHS = (
					"$(inherited)",
					"@executable_path/Frameworks",
					"@executable_path/../../Frameworks",
				);
				LIBRARY_SEARCH_PATHS = (
					"$(inherited)",
					"$(PROJECT_DIR)/Libraries",
				);
				OTHER_LDFLAGS = (
					"$(inherited)",
					"-lztlp_proto",
					"-lresolv",
					"-lz",
				);
				PRODUCT_BUNDLE_IDENTIFIER = com.ztlp.app.tunnel;
				SDKROOT = iphoneos;
				SKIP_INSTALL = YES;
				SWIFT_OBJC_BRIDGING_HEADER = "ZTLPTunnel/ZTLPTunnel-Bridging-Header.h";
				TARGETED_DEVICE_FAMILY = "1,2";
			};
			name = Release;
		};
		67D94A6432F7DB2D5594DA55 /* Debug */ = {
			isa = XCBuildConfiguration;
			buildSettings = {
				ALWAYS_EMBED_SWIFT_STANDARD_LIBRARIES = YES;
				ASSETCATALOG_COMPILER_APPICON_NAME = AppIcon;
				CODE_SIGN_ENTITLEMENTS = ZTLP/ZTLP.entitlements;
				CODE_SIGN_IDENTITY = "iPhone Developer";
				CODE_SIGN_STYLE = Automatic;
				DEVELOPMENT_TEAM = 5527A7TH5P;
				HEADER_SEARCH_PATHS = (
					"$(inherited)",
					"$(PROJECT_DIR)/Libraries",
				);
				INFOPLIST_FILE = ZTLP/Resources/Info.plist;
				LD_RUNPATH_SEARCH_PATHS = (
					"$(inherited)",
					"@executable_path/Frameworks",
				);
				LIBRARY_SEARCH_PATHS = (
					"$(inherited)",
					"$(PROJECT_DIR)/Libraries",
				);
				OTHER_LDFLAGS = (
					"$(inherited)",
					"-lztlp_proto",
					"-lresolv",
					"-lz",
				);
				PRODUCT_BUNDLE_IDENTIFIER = com.ztlp.app;
				SDKROOT = iphoneos;
				SWIFT_OBJC_BRIDGING_HEADER = "ZTLP/ZTLP-Bridging-Header.h";
				TARGETED_DEVICE_FAMILY = "1,2";
			};
			name = Debug;
		};
		88B0C38BD7827BE3715C340C /* Debug */ = {
			isa = XCBuildConfiguration;
			buildSettings = {
				ALWAYS_SEARCH_USER_PATHS = NO;
				CLANG_ANALYZER_NONNULL = YES;
				CLANG_ANALYZER_NUMBER_OBJECT_CONVERSION = YES_AGGRESSIVE;
				CLANG_CXX_LANGUAGE_STANDARD = "gnu++14";
				CLANG_CXX_LIBRARY = "libc++";
				CLANG_ENABLE_MODULES = YES;
				CLANG_ENABLE_OBJC_ARC = YES;
				CLANG_ENABLE_OBJC_WEAK = YES;
				CLANG_WARN_BLOCK_CAPTURE_AUTORELEASING = YES;
				CLANG_WARN_BOOL_CONVERSION = YES;
				CLANG_WARN_COMMA = YES;
				CLANG_WARN_CONSTANT_CONVERSION = YES;
				CLANG_WARN_DEPRECATED_OBJC_IMPLEMENTATIONS = YES;
				CLANG_WARN_DIRECT_OBJC_ISA_USAGE = YES_ERROR;
				CLANG_WARN_DOCUMENTATION_COMMENTS = YES;
				CLANG_WARN_EMPTY_BODY = YES;
				CLANG_WARN_ENUM_CONVERSION = YES;
				CLANG_WARN_INFINITE_RECURSION = YES;
				CLANG_WARN_INT_CONVERSION = YES;
				CLANG_WARN_NON_LITERAL_NULL_CONVERSION = YES;
				CLANG_WARN_OBJC_IMPLICIT_RETAIN_SELF = YES;
				CLANG_WARN_OBJC_LITERAL_CONVERSION = YES;
				CLANG_WARN_OBJC_ROOT_CLASS = YES_ERROR;
				CLANG_WARN_QUOTED_INCLUDE_IN_FRAMEWORK_HEADER = YES;
				CLANG_WARN_RANGE_LOOP_ANALYSIS = YES;
				CLANG_WARN_STRICT_PROTOTYPES = YES;
				CLANG_WARN_SUSPICIOUS_MOVE = YES;
				CLANG_WARN_UNGUARDED_AVAILABILITY = YES_AGGRESSIVE;
				CLANG_WARN_UNREACHABLE_CODE = YES;
				CLANG_WARN__DUPLICATE_METHOD_MATCH = YES;
				COPY_PHASE_STRIP = NO;
				DEBUG_INFORMATION_FORMAT = dwarf;
				ENABLE_BITCODE = NO;
				ENABLE_STRICT_OBJC_MSGSEND = YES;
				ENABLE_TESTABILITY = YES;
				"EXCLUDED_ARCHS[sdk=iphonesimulator*]" = x86_64;
				GCC_C_LANGUAGE_STANDARD = gnu11;
				GCC_DYNAMIC_NO_PIC = NO;
				GCC_NO_COMMON_BLOCKS = YES;
				GCC_OPTIMIZATION_LEVEL = 0;
				GCC_PREPROCESSOR_DEFINITIONS = (
					"$(inherited)",
					"DEBUG=1",
				);
				GCC_WARN_64_TO_32_BIT_CONVERSION = YES;
				GCC_WARN_ABOUT_RETURN_TYPE = YES_ERROR;
				GCC_WARN_UNDECLARED_SELECTOR = YES;
				GCC_WARN_UNINITIALIZED_AUTOS = YES_AGGRESSIVE;
				GCC_WARN_UNUSED_FUNCTION = YES;
				GCC_WARN_UNUSED_VARIABLE = YES;
				IPHONEOS_DEPLOYMENT_TARGET = 16.0;
				MTL_ENABLE_DEBUG_INFO = INCLUDE_SOURCE;
				MTL_FAST_MATH = YES;
				ONLY_ACTIVE_ARCH = YES;
				PRODUCT_NAME = "$(TARGET_NAME)";
				SDKROOT = iphoneos;
				SWIFT_ACTIVE_COMPILATION_CONDITIONS = DEBUG;
				SWIFT_OPTIMIZATION_LEVEL = "-Onone";
				SWIFT_VERSION = 5.9;
			};
			name = Debug;
		};
		8DFB2DB06067E98210C7709F /* Release */ = {
			isa = XCBuildConfiguration;
			buildSettings = {
				ALWAYS_EMBED_SWIFT_STANDARD_LIBRARIES = YES;
				ASSETCATALOG_COMPILER_APPICON_NAME = AppIcon;
				CODE_SIGN_ENTITLEMENTS = ZTLP/ZTLP.entitlements;
				CODE_SIGN_IDENTITY = "iPhone Developer";
				CODE_SIGN_STYLE = Automatic;
				DEVELOPMENT_TEAM = 5527A7TH5P;
				HEADER_SEARCH_PATHS = (
					"$(inherited)",
					"$(PROJECT_DIR)/Libraries",
				);
				INFOPLIST_FILE = ZTLP/Resources/Info.plist;
				LD_RUNPATH_SEARCH_PATHS = (
					"$(inherited)",
					"@executable_path/Frameworks",
				);
				LIBRARY_SEARCH_PATHS = (
					"$(inherited)",
					"$(PROJECT_DIR)/Libraries",
				);
				OTHER_LDFLAGS = (
					"$(inherited)",
					"-lztlp_proto",
					"-lresolv",
					"-lz",
				);
				PRODUCT_BUNDLE_IDENTIFIER = com.ztlp.app;
				SDKROOT = iphoneos;
				SWIFT_OBJC_BRIDGING_HEADER = "ZTLP/ZTLP-Bridging-Header.h";
				TARGETED_DEVICE_FAMILY = "1,2";
			};
			name = Release;
		};
		933CCB929C1A4E88ACF124D8 /* Debug */ = {
			isa = XCBuildConfiguration;
			buildSettings = {
				CODE_SIGN_ENTITLEMENTS = ZTLPTunnel/ZTLPTunnel.entitlements;
				CODE_SIGN_STYLE = Automatic;
				DEVELOPMENT_TEAM = 5527A7TH5P;
				HEADER_SEARCH_PATHS = (
					"$(inherited)",
					"$(PROJECT_DIR)/Libraries",
				);
				INFOPLIST_FILE = ZTLPTunnel/Info.plist;
				LD_RUNPATH_SEARCH_PATHS = (
					"$(inherited)",
					"@executable_path/Frameworks",
					"@executable_path/../../Frameworks",
				);
				LIBRARY_SEARCH_PATHS = (
					"$(inherited)",
					"$(PROJECT_DIR)/Libraries",
				);
				OTHER_LDFLAGS = (
					"$(inherited)",
					"-lztlp_proto",
					"-lresolv",
					"-lz",
				);
				PRODUCT_BUNDLE_IDENTIFIER = com.ztlp.app.tunnel;
				SDKROOT = iphoneos;
				SKIP_INSTALL = YES;
				SWIFT_OBJC_BRIDGING_HEADER = "ZTLPTunnel/ZTLPTunnel-Bridging-Header.h";
				TARGETED_DEVICE_FAMILY = "1,2";
			};
			name = Debug;
		};
		A3E9731B92EFD24E727C6099 /* Debug */ = {
			isa = XCBuildConfiguration;
			buildSettings = {
				BUNDLE_LOADER = "$(TEST_HOST)";
				CODE_SIGN_STYLE = Automatic;
				LD_RUNPATH_SEARCH_PATHS = (
					"$(inherited)",
					"@executable_path/Frameworks",
					"@loader_path/Frameworks",
				);
								GENERATE_INFOPLIST_FILE = YES;
				HEADER_SEARCH_PATHS = (
					"$(inherited)",
					"$(PROJECT_DIR)/Libraries",
				);
				LIBRARY_SEARCH_PATHS = (
					"$(inherited)",
					"$(PROJECT_DIR)/Libraries",
				);
PRODUCT_BUNDLE_IDENTIFIER = com.ztlp.app.tests;
				SDKROOT = iphoneos;
				TARGETED_DEVICE_FAMILY = "1,2";
				TEST_HOST = "$(BUILT_PRODUCTS_DIR)/ZTLP.app/ZTLP";
			};
			name = Debug;
		};
		BCF40208AA6E7840C81BD489 /* Release */ = {
			isa = XCBuildConfiguration;
			buildSettings = {
				BUNDLE_LOADER = "$(TEST_HOST)";
				CODE_SIGN_STYLE = Automatic;
				LD_RUNPATH_SEARCH_PATHS = (
					"$(inherited)",
					"@executable_path/Frameworks",
					"@loader_path/Frameworks",
				);
								GENERATE_INFOPLIST_FILE = YES;
				HEADER_SEARCH_PATHS = (
					"$(inherited)",
					"$(PROJECT_DIR)/Libraries",
				);
				LIBRARY_SEARCH_PATHS = (
					"$(inherited)",
					"$(PROJECT_DIR)/Libraries",
				);
PRODUCT_BUNDLE_IDENTIFIER = com.ztlp.app.tests;
				SDKROOT = iphoneos;
				TARGETED_DEVICE_FAMILY = "1,2";
				TEST_HOST = "$(BUILT_PRODUCTS_DIR)/ZTLP.app/ZTLP";
			};
			name = Release;
		};
		F418148243C62F9FDC17AAAB /* Release */ = {
			isa = XCBuildConfiguration;
			buildSettings = {
				ALWAYS_SEARCH_USER_PATHS = NO;
				CLANG_ANALYZER_NONNULL = YES;
				CLANG_ANALYZER_NUMBER_OBJECT_CONVERSION = YES_AGGRESSIVE;
				CLANG_CXX_LANGUAGE_STANDARD = "gnu++14";
				CLANG_CXX_LIBRARY = "libc++";
				CLANG_ENABLE_MODULES = YES;
				CLANG_ENABLE_OBJC_ARC = YES;
				CLANG_ENABLE_OBJC_WEAK = YES;
				CLANG_WARN_BLOCK_CAPTURE_AUTORELEASING = YES;
				CLANG_WARN_BOOL_CONVERSION = YES;
				CLANG_WARN_COMMA = YES;
				CLANG_WARN_CONSTANT_CONVERSION = YES;
				CLANG_WARN_DEPRECATED_OBJC_IMPLEMENTATIONS = YES;
				CLANG_WARN_DIRECT_OBJC_ISA_USAGE = YES_ERROR;
				CLANG_WARN_DOCUMENTATION_COMMENTS = YES;
				CLANG_WARN_EMPTY_BODY = YES;
				CLANG_WARN_ENUM_CONVERSION = YES;
				CLANG_WARN_INFINITE_RECURSION = YES;
				CLANG_WARN_INT_CONVERSION = YES;
				CLANG_WARN_NON_LITERAL_NULL_CONVERSION = YES;
				CLANG_WARN_OBJC_IMPLICIT_RETAIN_SELF = YES;
				CLANG_WARN_OBJC_LITERAL_CONVERSION = YES;
				CLANG_WARN_OBJC_ROOT_CLASS = YES_ERROR;
				CLANG_WARN_QUOTED_INCLUDE_IN_FRAMEWORK_HEADER = YES;
				CLANG_WARN_RANGE_LOOP_ANALYSIS = YES;
				CLANG_WARN_STRICT_PROTOTYPES = YES;
				CLANG_WARN_SUSPICIOUS_MOVE = YES;
				CLANG_WARN_UNGUARDED_AVAILABILITY = YES_AGGRESSIVE;
				CLANG_WARN_UNREACHABLE_CODE = YES;
				CLANG_WARN__DUPLICATE_METHOD_MATCH = YES;
				COPY_PHASE_STRIP = NO;
				DEBUG_INFORMATION_FORMAT = "dwarf-with-dsym";
				ENABLE_BITCODE = NO;
				ENABLE_NS_ASSERTIONS = NO;
				ENABLE_STRICT_OBJC_MSGSEND = YES;
				"EXCLUDED_ARCHS[sdk=iphonesimulator*]" = x86_64;
				GCC_C_LANGUAGE_STANDARD = gnu11;
				GCC_NO_COMMON_BLOCKS = YES;
				GCC_WARN_64_TO_32_BIT_CONVERSION = YES;
				GCC_WARN_ABOUT_RETURN_TYPE = YES_ERROR;
				GCC_WARN_UNDECLARED_SELECTOR = YES;
				GCC_WARN_UNINITIALIZED_AUTOS = YES_AGGRESSIVE;
				GCC_WARN_UNUSED_FUNCTION = YES;
				GCC_WARN_UNUSED_VARIABLE = YES;
				IPHONEOS_DEPLOYMENT_TARGET = 16.0;
				MTL_ENABLE_DEBUG_INFO = NO;
				MTL_FAST_MATH = YES;
				PRODUCT_NAME = "$(TARGET_NAME)";
				SDKROOT = iphoneos;
				SWIFT_COMPILATION_MODE = wholemodule;
				SWIFT_OPTIMIZATION_LEVEL = "-O";
				SWIFT_VERSION = 5.9;
			};
			name = Release;
		};
/* End XCBuildConfiguration section */

/* Begin XCConfigurationList section */
		05FC7F5A33943BB2325C2F18 /* Build configuration list for PBXNativeTarget "ZTLP" */ = {
			isa = XCConfigurationList;
			buildConfigurations = (
				67D94A6432F7DB2D5594DA55 /* Debug */,
				8DFB2DB06067E98210C7709F /* Release */,
			);
			defaultConfigurationIsVisible = 0;
			defaultConfigurationName = Debug;
		};
		9306A94B182D82CBD7254D53 /* Build configuration list for PBXNativeTarget "ZTLPTests" */ = {
			isa = XCConfigurationList;
			buildConfigurations = (
				A3E9731B92EFD24E727C6099 /* Debug */,
				BCF40208AA6E7840C81BD489 /* Release */,
			);
			defaultConfigurationIsVisible = 0;
			defaultConfigurationName = Debug;
		};
		99AD527FC3520F277D9B3910 /* Build configuration list for PBXNativeTarget "ZTLPTunnel" */ = {
			isa = XCConfigurationList;
			buildConfigurations = (
				933CCB929C1A4E88ACF124D8 /* Debug */,
				601B67431C0FAFB4EA977539 /* Release */,
			);
			defaultConfigurationIsVisible = 0;
			defaultConfigurationName = Debug;
		};
		A810BF80A4C07AF6FD66FC8F /* Build configuration list for PBXProject "ZTLP" */ = {
			isa = XCConfigurationList;
			buildConfigurations = (
				88B0C38BD7827BE3715C340C /* Debug */,
				F418148243C62F9FDC17AAAB /* Release */,
			);
			defaultConfigurationIsVisible = 0;
			defaultConfigurationName = Debug;
		};
/* End XCConfigurationList section */
	};
	rootObject = 5B8C0C9C65F0E3E44C34D523 /* Project object */;
}
