// !$*UTF8*$!
{
	archiveVersion = 1;
	classes = {
	};
	objectVersion = 77;
	objects = {

/* Begin PBXBuildFile section */
		1FF175986BBFBA71175B2119 /* OnboardingView.swift in Sources */ = {isa = PBXBuildFile; fileRef = 9E91DAF7240B1AB0ABD38A8D /* OnboardingView.swift */; };
		36E4621982918E5519BE8E9E /* ZTLPConfiguration.swift in Sources */ = {isa = PBXBuildFile; fileRef = 68000CF1453518BF6B39193B /* ZTLPConfiguration.swift */; };
		39E8291BC07E74BD444149FC /* TunnelConfiguration.swift in Sources */ = {isa = PBXBuildFile; fileRef = B3F0695B2755F6FFB3C3FA21 /* TunnelConfiguration.swift */; };
		3A194533CA22CEED32C8D416 /* ZTLPIdentity.swift in Sources */ = {isa = PBXBuildFile; fileRef = 9AD5C9716977DF801F33DA27 /* ZTLPIdentity.swift */; };
		50FC93D7B6DF71D4B4141FB7 /* KeychainService.swift in Sources */ = {isa = PBXBuildFile; fileRef = 7A6088FAAE6467A12BF10B72 /* KeychainService.swift */; };
		52C50BC59DA61F6278EB8405 /* SettingsViewModel.swift in Sources */ = {isa = PBXBuildFile; fileRef = 99D5B6DEC61F7610D170572A /* SettingsViewModel.swift */; };
		533292D2F1D74DBB8CF9E31A /* SettingsView.swift in Sources */ = {isa = PBXBuildFile; fileRef = 6A98A6B9F9DF87D848B72322 /* SettingsView.swift */; };
		558BD7E087DDF26E6529FB82 /* ZTLPSystemExtension.systemextension in Embed System Extensions */ = {isa = PBXBuildFile; fileRef = 7280650979C37CF7E638CF91 /* ZTLPSystemExtension.systemextension */; settings = {ATTRIBUTES = (RemoveHeadersOnCopy, ); }; };
		587746EDD9CB2F24306791AB /* EnrollmentViewModel.swift in Sources */ = {isa = PBXBuildFile; fileRef = EB39AED62EE8F69A116903FC /* EnrollmentViewModel.swift */; };
		5B311BE765F5409E06135146 /* NetworkMonitor.swift in Sources */ = {isa = PBXBuildFile; fileRef = 89451A86BDBA5DE92F2F500F /* NetworkMonitor.swift */; };
		647DCE564F86D5381FB8147F /* MenuBarView.swift in Sources */ = {isa = PBXBuildFile; fileRef = 95679B026D6887C171A14A2A /* MenuBarView.swift */; };
		7105614BAC2BE48DC291A8B0 /* HomeView.swift in Sources */ = {isa = PBXBuildFile; fileRef = 89C24BDC82DF690F24190B2D /* HomeView.swift */; };
		76B1BFA372D65AFC479EBACB /* ConnectionStatus.swift in Sources */ = {isa = PBXBuildFile; fileRef = D5AF8045644C273E351706D4 /* ConnectionStatus.swift */; };
		7BBA2C7800B66A538E2D1C6E /* Color+ZTLP.swift in Sources */ = {isa = PBXBuildFile; fileRef = AA9B8795185D5093D8F95631 /* Color+ZTLP.swift */; };
		7FF8C9A0ED7F0E695EAFD39C /* TunnelViewModel.swift in Sources */ = {isa = PBXBuildFile; fileRef = F2999C81580662F16AC6B03E /* TunnelViewModel.swift */; };
		833F18963326856FAF4AF7A0 /* main.swift in Sources */ = {isa = PBXBuildFile; fileRef = 75867312BD712CE5153370DF /* main.swift */; };
		85AD116F993661084DAE78B2 /* ZTLPBridge.swift in Sources */ = {isa = PBXBuildFile; fileRef = EA7349E042B8BAC7596BAA82 /* ZTLPBridge.swift */; };
		A9B39F2D1DC497E8E0ED32DD /* PacketTunnelProvider.swift in Sources */ = {isa = PBXBuildFile; fileRef = 055094F68CE6B50F27979FD7 /* PacketTunnelProvider.swift */; };
		AEE6C10C37E0E12AD8B7308E /* EnrollmentView.swift in Sources */ = {isa = PBXBuildFile; fileRef = 6DD8C98EB9C092C68D418163 /* EnrollmentView.swift */; };
		B0E54781F41B69FC340C419C /* CertificateManager.swift in Sources */ = {isa = PBXBuildFile; fileRef = 1934078C4E1D7848FA49280D /* CertificateManager.swift */; };
		B9D88DADB4E22192735094F1 /* Assets.xcassets in Resources */ = {isa = PBXBuildFile; fileRef = DF7E6453D407953E6432F115 /* Assets.xcassets */; };
		C0FF6405C1784BC467FBF124 /* ZTLPTests.swift in Sources */ = {isa = PBXBuildFile; fileRef = CD821F8690E1C2AE8E13038F /* ZTLPTests.swift */; };
		C7BA8EA9B8BF1DA50D49E4C6 /* CertificateTrustView.swift in Sources */ = {isa = PBXBuildFile; fileRef = 59DEF843A0920D40FADE7F95 /* CertificateTrustView.swift */; };
		D008137D8E824C38186AC859 /* SystemExtensionManager.swift in Sources */ = {isa = PBXBuildFile; fileRef = 6CC8B59C79DCD09DB315C397 /* SystemExtensionManager.swift */; };
		D41D036BC41CFEBD9B0FD0CA /* IdentityView.swift in Sources */ = {isa = PBXBuildFile; fileRef = 4A7EB8A3208E156EA025CA71 /* IdentityView.swift */; };
		E51EDC26405FAEE991E4076D /* ServicesView.swift in Sources */ = {isa = PBXBuildFile; fileRef = 9B4AC78AB2D670E57DD98F3D /* ServicesView.swift */; };
		F28EA49224957442AE65E4A7 /* ServicesViewModel.swift in Sources */ = {isa = PBXBuildFile; fileRef = 01F23606D96D8A079F7E3FB9 /* ServicesViewModel.swift */; };
		F3B7163D933E8D9B98CA4DAD /* ZTLPApp.swift in Sources */ = {isa = PBXBuildFile; fileRef = B5496B79502CD3FFD335AC6C /* ZTLPApp.swift */; };
		FC891134E2BF86C546E246C7 /* MainWindow.swift in Sources */ = {isa = PBXBuildFile; fileRef = 2DEB2BC8C1A3B9CBC09CE7A1 /* MainWindow.swift */; };
		FE5E753515A12847AF6EFA6C /* ZTLPService.swift in Sources */ = {isa = PBXBuildFile; fileRef = 20C97C4B77AA52A20831FA3F /* ZTLPService.swift */; };
/* End PBXBuildFile section */

/* Begin PBXContainerItemProxy section */
		5D17FBE22F041E8CC44B9466 /* PBXContainerItemProxy */ = {
			isa = PBXContainerItemProxy;
			containerPortal = 5B8C0C9C65F0E3E44C34D523 /* Project object */;
			proxyType = 1;
			remoteGlobalIDString = A5A3C551D811969551B3213B;
			remoteInfo = ZTLP;
		};
		BD2D504C9D4333DF7A9E39E6 /* PBXContainerItemProxy */ = {
			isa = PBXContainerItemProxy;
			containerPortal = 5B8C0C9C65F0E3E44C34D523 /* Project object */;
			proxyType = 1;
			remoteGlobalIDString = 0A39B7183C7795E29D6F343E;
			remoteInfo = ZTLPSystemExtension;
		};
/* End PBXContainerItemProxy section */

/* Begin PBXCopyFilesBuildPhase section */
		434459D3A2C6CC0B79323717 /* Embed System Extensions */ = {
			isa = PBXCopyFilesBuildPhase;
			buildActionMask = 2147483647;
			dstPath = "$(SYSTEM_EXTENSIONS_FOLDER_PATH)";
			dstSubfolderSpec = 16;
			files = (
				558BD7E087DDF26E6529FB82 /* ZTLPSystemExtension.systemextension in Embed System Extensions */,
			);
			name = "Embed System Extensions";
			runOnlyForDeploymentPostprocessing = 0;
		};
/* End PBXCopyFilesBuildPhase section */

/* Begin PBXFileReference section */
		01F23606D96D8A079F7E3FB9 /* ServicesViewModel.swift */ = {isa = PBXFileReference; lastKnownFileType = sourcecode.swift; path = ServicesViewModel.swift; sourceTree = "<group>"; };
		055094F68CE6B50F27979FD7 /* PacketTunnelProvider.swift */ = {isa = PBXFileReference; lastKnownFileType = sourcecode.swift; path = PacketTunnelProvider.swift; sourceTree = "<group>"; };
		1934078C4E1D7848FA49280D /* CertificateManager.swift */ = {isa = PBXFileReference; lastKnownFileType = sourcecode.swift; path = CertificateManager.swift; sourceTree = "<group>"; };
		20C97C4B77AA52A20831FA3F /* ZTLPService.swift */ = {isa = PBXFileReference; lastKnownFileType = sourcecode.swift; path = ZTLPService.swift; sourceTree = "<group>"; };
		2DEB2BC8C1A3B9CBC09CE7A1 /* MainWindow.swift */ = {isa = PBXFileReference; lastKnownFileType = sourcecode.swift; path = MainWindow.swift; sourceTree = "<group>"; };
		411B1DD85CF6221E04B3A45E /* ZTLP.entitlements */ = {isa = PBXFileReference; lastKnownFileType = text.plist.entitlements; path = ZTLP.entitlements; sourceTree = "<group>"; };
		4A7EB8A3208E156EA025CA71 /* IdentityView.swift */ = {isa = PBXFileReference; lastKnownFileType = sourcecode.swift; path = IdentityView.swift; sourceTree = "<group>"; };
		59DEF843A0920D40FADE7F95 /* CertificateTrustView.swift */ = {isa = PBXFileReference; lastKnownFileType = sourcecode.swift; path = CertificateTrustView.swift; sourceTree = "<group>"; };
		68000CF1453518BF6B39193B /* ZTLPConfiguration.swift */ = {isa = PBXFileReference; lastKnownFileType = sourcecode.swift; path = ZTLPConfiguration.swift; sourceTree = "<group>"; };
		6A98A6B9F9DF87D848B72322 /* SettingsView.swift */ = {isa = PBXFileReference; lastKnownFileType = sourcecode.swift; path = SettingsView.swift; sourceTree = "<group>"; };
		6CC8B59C79DCD09DB315C397 /* SystemExtensionManager.swift */ = {isa = PBXFileReference; lastKnownFileType = sourcecode.swift; path = SystemExtensionManager.swift; sourceTree = "<group>"; };
		6DD8C98EB9C092C68D418163 /* EnrollmentView.swift */ = {isa = PBXFileReference; lastKnownFileType = sourcecode.swift; path = EnrollmentView.swift; sourceTree = "<group>"; };
		7280650979C37CF7E638CF91 /* ZTLPSystemExtension.systemextension */ = {isa = PBXFileReference; explicitFileType = "wrapper.system-extension"; includeInIndex = 0; path = ZTLPSystemExtension.systemextension; sourceTree = BUILT_PRODUCTS_DIR; };
		75867312BD712CE5153370DF /* main.swift */ = {isa = PBXFileReference; lastKnownFileType = sourcecode.swift; path = main.swift; sourceTree = "<group>"; };
		7A6088FAAE6467A12BF10B72 /* KeychainService.swift */ = {isa = PBXFileReference; lastKnownFileType = sourcecode.swift; path = KeychainService.swift; sourceTree = "<group>"; };
		89451A86BDBA5DE92F2F500F /* NetworkMonitor.swift */ = {isa = PBXFileReference; lastKnownFileType = sourcecode.swift; path = NetworkMonitor.swift; sourceTree = "<group>"; };
		89C24BDC82DF690F24190B2D /* HomeView.swift */ = {isa = PBXFileReference; lastKnownFileType = sourcecode.swift; path = HomeView.swift; sourceTree = "<group>"; };
		95679B026D6887C171A14A2A /* MenuBarView.swift */ = {isa = PBXFileReference; lastKnownFileType = sourcecode.swift; path = MenuBarView.swift; sourceTree = "<group>"; };
		99D5B6DEC61F7610D170572A /* SettingsViewModel.swift */ = {isa = PBXFileReference; lastKnownFileType = sourcecode.swift; path = SettingsViewModel.swift; sourceTree = "<group>"; };
		9AD5C9716977DF801F33DA27 /* ZTLPIdentity.swift */ = {isa = PBXFileReference; lastKnownFileType = sourcecode.swift; path = ZTLPIdentity.swift; sourceTree = "<group>"; };
		9B4AC78AB2D670E57DD98F3D /* ServicesView.swift */ = {isa = PBXFileReference; lastKnownFileType = sourcecode.swift; path = ServicesView.swift; sourceTree = "<group>"; };
		9E91DAF7240B1AB0ABD38A8D /* OnboardingView.swift */ = {isa = PBXFileReference; lastKnownFileType = sourcecode.swift; path = OnboardingView.swift; sourceTree = "<group>"; };
		AA9B8795185D5093D8F95631 /* Color+ZTLP.swift */ = {isa = PBXFileReference; lastKnownFileType = sourcecode.swift; path = "Color+ZTLP.swift"; sourceTree = "<group>"; };
		AB8947C5959711900EDC01C5 /* ZTLP.app */ = {isa = PBXFileReference; explicitFileType = wrapper.application; includeInIndex = 0; path = ZTLP.app; sourceTree = BUILT_PRODUCTS_DIR; };
		B3F0695B2755F6FFB3C3FA21 /* TunnelConfiguration.swift */ = {isa = PBXFileReference; lastKnownFileType = sourcecode.swift; path = TunnelConfiguration.swift; sourceTree = "<group>"; };
		B5496B79502CD3FFD335AC6C /* ZTLPApp.swift */ = {isa = PBXFileReference; lastKnownFileType = sourcecode.swift; path = ZTLPApp.swift; sourceTree = "<group>"; };
		CD821F8690E1C2AE8E13038F /* ZTLPTests.swift */ = {isa = PBXFileReference; lastKnownFileType = sourcecode.swift; path = ZTLPTests.swift; sourceTree = "<group>"; };
		D5AF8045644C273E351706D4 /* ConnectionStatus.swift */ = {isa = PBXFileReference; lastKnownFileType = sourcecode.swift; path = ConnectionStatus.swift; sourceTree = "<group>"; };
		DF7E6453D407953E6432F115 /* Assets.xcassets */ = {isa = PBXFileReference; lastKnownFileType = folder.assetcatalog; path = Assets.xcassets; sourceTree = "<group>"; };
		E1C6E48E391FCCE5528F1C32 /* ZTLP-Bridging-Header.h */ = {isa = PBXFileReference; lastKnownFileType = sourcecode.c.h; path = "ZTLP-Bridging-Header.h"; sourceTree = "<group>"; };
		E7FE0765786A7E06A1826D47 /* ZTLPSystemExtension-Bridging-Header.h */ = {isa = PBXFileReference; lastKnownFileType = sourcecode.c.h; path = "ZTLPSystemExtension-Bridging-Header.h"; sourceTree = "<group>"; };
		EA7349E042B8BAC7596BAA82 /* ZTLPBridge.swift */ = {isa = PBXFileReference; lastKnownFileType = sourcecode.swift; path = ZTLPBridge.swift; sourceTree = "<group>"; };
		EB39AED62EE8F69A116903FC /* EnrollmentViewModel.swift */ = {isa = PBXFileReference; lastKnownFileType = sourcecode.swift; path = EnrollmentViewModel.swift; sourceTree = "<group>"; };
		ED182AF9379C3B47E706235A /* ZTLPTests.xctest */ = {isa = PBXFileReference; explicitFileType = wrapper.cfbundle; includeInIndex = 0; path = ZTLPTests.xctest; sourceTree = BUILT_PRODUCTS_DIR; };
		F2999C81580662F16AC6B03E /* TunnelViewModel.swift */ = {isa = PBXFileReference; lastKnownFileType = sourcecode.swift; path = TunnelViewModel.swift; sourceTree = "<group>"; };
		FEF29387E1BE2AE03C1D8D30 /* ZTLPSystemExtension.entitlements */ = {isa = PBXFileReference; lastKnownFileType = text.plist.entitlements; path = ZTLPSystemExtension.entitlements; sourceTree = "<group>"; };
/* End PBXFileReference section */

/* Begin PBXGroup section */
		2BF8DACFCFA038204FFCA0B3 /* ZTLPSystemExtension */ = {
			isa = PBXGroup;
			children = (
				75867312BD712CE5153370DF /* main.swift */,
				055094F68CE6B50F27979FD7 /* PacketTunnelProvider.swift */,
				E7FE0765786A7E06A1826D47 /* ZTLPSystemExtension-Bridging-Header.h */,
				FEF29387E1BE2AE03C1D8D30 /* ZTLPSystemExtension.entitlements */,
			);
			path = ZTLPSystemExtension;
			sourceTree = "<group>";
		};
		30F094DDD6F32C2EB91ED7EA /* Extensions */ = {
			isa = PBXGroup;
			children = (
				AA9B8795185D5093D8F95631 /* Color+ZTLP.swift */,
			);
			path = Extensions;
			sourceTree = "<group>";
		};
		3DB177FF1C5385C84A8ABBAD /* ZTLPTests */ = {
			isa = PBXGroup;
			children = (
				CD821F8690E1C2AE8E13038F /* ZTLPTests.swift */,
			);
			path = ZTLPTests;
			sourceTree = "<group>";
		};
		4E4743FC4A05E4CABEB2A9DE /* Resources */ = {
			isa = PBXGroup;
			children = (
				DF7E6453D407953E6432F115 /* Assets.xcassets */,
			);
			path = Resources;
			sourceTree = "<group>";
		};
		6A1F5A804AA9B4F484435CFF = {
			isa = PBXGroup;
			children = (
				C23E3E3136AE83B100814A28 /* ZTLP */,
				2BF8DACFCFA038204FFCA0B3 /* ZTLPSystemExtension */,
				3DB177FF1C5385C84A8ABBAD /* ZTLPTests */,
				CD497DEB1075A9338B81653F /* Products */,
			);
			sourceTree = "<group>";
		};
		89D88C238CC7ECFDC11F8FDB /* Models */ = {
			isa = PBXGroup;
			children = (
				D5AF8045644C273E351706D4 /* ConnectionStatus.swift */,
				B3F0695B2755F6FFB3C3FA21 /* TunnelConfiguration.swift */,
				68000CF1453518BF6B39193B /* ZTLPConfiguration.swift */,
				9AD5C9716977DF801F33DA27 /* ZTLPIdentity.swift */,
				20C97C4B77AA52A20831FA3F /* ZTLPService.swift */,
			);
			path = Models;
			sourceTree = "<group>";
		};
		8A6DDBEB8E0D55F62738A81A /* Views */ = {
			isa = PBXGroup;
			children = (
				59DEF843A0920D40FADE7F95 /* CertificateTrustView.swift */,
				6DD8C98EB9C092C68D418163 /* EnrollmentView.swift */,
				89C24BDC82DF690F24190B2D /* HomeView.swift */,
				4A7EB8A3208E156EA025CA71 /* IdentityView.swift */,
				2DEB2BC8C1A3B9CBC09CE7A1 /* MainWindow.swift */,
				95679B026D6887C171A14A2A /* MenuBarView.swift */,
				9E91DAF7240B1AB0ABD38A8D /* OnboardingView.swift */,
				9B4AC78AB2D670E57DD98F3D /* ServicesView.swift */,
				6A98A6B9F9DF87D848B72322 /* SettingsView.swift */,
			);
			path = Views;
			sourceTree = "<group>";
		};
		B88E916D9B29C330F84B3239 /* ViewModels */ = {
			isa = PBXGroup;
			children = (
				EB39AED62EE8F69A116903FC /* EnrollmentViewModel.swift */,
				01F23606D96D8A079F7E3FB9 /* ServicesViewModel.swift */,
				99D5B6DEC61F7610D170572A /* SettingsViewModel.swift */,
				F2999C81580662F16AC6B03E /* TunnelViewModel.swift */,
			);
			path = ViewModels;
			sourceTree = "<group>";
		};
		BF2D617A5D430681B31FD666 /* Services */ = {
			isa = PBXGroup;
			children = (
				1934078C4E1D7848FA49280D /* CertificateManager.swift */,
				7A6088FAAE6467A12BF10B72 /* KeychainService.swift */,
				89451A86BDBA5DE92F2F500F /* NetworkMonitor.swift */,
				6CC8B59C79DCD09DB315C397 /* SystemExtensionManager.swift */,
				EA7349E042B8BAC7596BAA82 /* ZTLPBridge.swift */,
			);
			path = Services;
			sourceTree = "<group>";
		};
		C23E3E3136AE83B100814A28 /* ZTLP */ = {
			isa = PBXGroup;
			children = (
				E1C6E48E391FCCE5528F1C32 /* ZTLP-Bridging-Header.h */,
				411B1DD85CF6221E04B3A45E /* ZTLP.entitlements */,
				C46671B6D96AB5A0FE2547A5 /* App */,
				30F094DDD6F32C2EB91ED7EA /* Extensions */,
				89D88C238CC7ECFDC11F8FDB /* Models */,
				4E4743FC4A05E4CABEB2A9DE /* Resources */,
				BF2D617A5D430681B31FD666 /* Services */,
				B88E916D9B29C330F84B3239 /* ViewModels */,
				8A6DDBEB8E0D55F62738A81A /* Views */,
			);
			path = ZTLP;
			sourceTree = "<group>";
		};
		C46671B6D96AB5A0FE2547A5 /* App */ = {
			isa = PBXGroup;
			children = (
				B5496B79502CD3FFD335AC6C /* ZTLPApp.swift */,
			);
			path = App;
			sourceTree = "<group>";
		};
		CD497DEB1075A9338B81653F /* Products */ = {
			isa = PBXGroup;
			children = (
				AB8947C5959711900EDC01C5 /* ZTLP.app */,
				7280650979C37CF7E638CF91 /* ZTLPSystemExtension.systemextension */,
				ED182AF9379C3B47E706235A /* ZTLPTests.xctest */,
			);
			name = Products;
			sourceTree = "<group>";
		};
/* End PBXGroup section */

/* Begin PBXNativeTarget section */
		0A39B7183C7795E29D6F343E /* ZTLPSystemExtension */ = {
			isa = PBXNativeTarget;
			buildConfigurationList = E37BD99D1BCFC92372481492 /* Build configuration list for PBXNativeTarget "ZTLPSystemExtension" */;
			buildPhases = (
				DC0E35F529EF297E31D0C2D4 /* Sources */,
			);
			buildRules = (
			);
			dependencies = (
			);
			name = ZTLPSystemExtension;
			packageProductDependencies = (
			);
			productName = ZTLPSystemExtension;
			productReference = 7280650979C37CF7E638CF91 /* ZTLPSystemExtension.systemextension */;
			productType = "com.apple.product-type.system-extension";
		};
		8F043EB454C9551AEE165113 /* ZTLPTests */ = {
			isa = PBXNativeTarget;
			buildConfigurationList = 9306A94B182D82CBD7254D53 /* Build configuration list for PBXNativeTarget "ZTLPTests" */;
			buildPhases = (
				E2492C3597D1B0ADBA331C0B /* Sources */,
			);
			buildRules = (
			);
			dependencies = (
				3433B54D40A90FAA2976AEBD /* PBXTargetDependency */,
			);
			name = ZTLPTests;
			packageProductDependencies = (
			);
			productName = ZTLPTests;
			productReference = ED182AF9379C3B47E706235A /* ZTLPTests.xctest */;
			productType = "com.apple.product-type.bundle.unit-test";
		};
		A5A3C551D811969551B3213B /* ZTLP */ = {
			isa = PBXNativeTarget;
			buildConfigurationList = 05FC7F5A33943BB2325C2F18 /* Build configuration list for PBXNativeTarget "ZTLP" */;
			buildPhases = (
				FD593BFB034B976B51E5A003 /* Sources */,
				2AEB8E367D90BE56D5810FD8 /* Resources */,
				434459D3A2C6CC0B79323717 /* Embed System Extensions */,
			);
			buildRules = (
			);
			dependencies = (
				4A5CD4938CA7CEE485FC7D81 /* PBXTargetDependency */,
			);
			name = ZTLP;
			packageProductDependencies = (
			);
			productName = ZTLP;
			productReference = AB8947C5959711900EDC01C5 /* ZTLP.app */;
			productType = "com.apple.product-type.application";
		};
/* End PBXNativeTarget section */

/* Begin PBXProject section */
		5B8C0C9C65F0E3E44C34D523 /* Project object */ = {
			isa = PBXProject;
			attributes = {
				BuildIndependentTargetsInParallel = YES;
				LastUpgradeCheck = 1500;
				TargetAttributes = {
					0A39B7183C7795E29D6F343E = {
						DevelopmentTeam = 5527A7TH5P;
						ProvisioningStyle = Automatic;
					};
					A5A3C551D811969551B3213B = {
						DevelopmentTeam = 5527A7TH5P;
						ProvisioningStyle = Automatic;
					};
				};
			};
			buildConfigurationList = A810BF80A4C07AF6FD66FC8F /* Build configuration list for PBXProject "ZTLP" */;
			developmentRegion = en;
			hasScannedForEncodings = 0;
			knownRegions = (
				Base,
				en,
			);
			mainGroup = 6A1F5A804AA9B4F484435CFF;
			minimizedProjectReferenceProxies = 1;
			preferredProjectObjectVersion = 77;
			productRefGroup = CD497DEB1075A9338B81653F /* Products */;
			projectDirPath = "";
			projectRoot = "";
			targets = (
				A5A3C551D811969551B3213B /* ZTLP */,
				0A39B7183C7795E29D6F343E /* ZTLPSystemExtension */,
				8F043EB454C9551AEE165113 /* ZTLPTests */,
			);
		};
/* End PBXProject section */

/* Begin PBXResourcesBuildPhase section */
		2AEB8E367D90BE56D5810FD8 /* Resources */ = {
			isa = PBXResourcesBuildPhase;
			buildActionMask = 2147483647;
			files = (
				B9D88DADB4E22192735094F1 /* Assets.xcassets in Resources */,
			);
			runOnlyForDeploymentPostprocessing = 0;
		};
/* End PBXResourcesBuildPhase section */

/* Begin PBXSourcesBuildPhase section */
		DC0E35F529EF297E31D0C2D4 /* Sources */ = {
			isa = PBXSourcesBuildPhase;
			buildActionMask = 2147483647;
			files = (
				A9B39F2D1DC497E8E0ED32DD /* PacketTunnelProvider.swift in Sources */,
				833F18963326856FAF4AF7A0 /* main.swift in Sources */,
			);
			runOnlyForDeploymentPostprocessing = 0;
		};
		E2492C3597D1B0ADBA331C0B /* Sources */ = {
			isa = PBXSourcesBuildPhase;
			buildActionMask = 2147483647;
			files = (
				C0FF6405C1784BC467FBF124 /* ZTLPTests.swift in Sources */,
			);
			runOnlyForDeploymentPostprocessing = 0;
		};
		FD593BFB034B976B51E5A003 /* Sources */ = {
			isa = PBXSourcesBuildPhase;
			buildActionMask = 2147483647;
			files = (
				B0E54781F41B69FC340C419C /* CertificateManager.swift in Sources */,
				C7BA8EA9B8BF1DA50D49E4C6 /* CertificateTrustView.swift in Sources */,
				7BBA2C7800B66A538E2D1C6E /* Color+ZTLP.swift in Sources */,
				76B1BFA372D65AFC479EBACB /* ConnectionStatus.swift in Sources */,
				AEE6C10C37E0E12AD8B7308E /* EnrollmentView.swift in Sources */,
				587746EDD9CB2F24306791AB /* EnrollmentViewModel.swift in Sources */,
				7105614BAC2BE48DC291A8B0 /* HomeView.swift in Sources */,
				D41D036BC41CFEBD9B0FD0CA /* IdentityView.swift in Sources */,
				50FC93D7B6DF71D4B4141FB7 /* KeychainService.swift in Sources */,
				FC891134E2BF86C546E246C7 /* MainWindow.swift in Sources */,
				647DCE564F86D5381FB8147F /* MenuBarView.swift in Sources */,
				5B311BE765F5409E06135146 /* NetworkMonitor.swift in Sources */,
				1FF175986BBFBA71175B2119 /* OnboardingView.swift in Sources */,
				E51EDC26405FAEE991E4076D /* ServicesView.swift in Sources */,
				F28EA49224957442AE65E4A7 /* ServicesViewModel.swift in Sources */,
				533292D2F1D74DBB8CF9E31A /* SettingsView.swift in Sources */,
				52C50BC59DA61F6278EB8405 /* SettingsViewModel.swift in Sources */,
				D008137D8E824C38186AC859 /* SystemExtensionManager.swift in Sources */,
				39E8291BC07E74BD444149FC /* TunnelConfiguration.swift in Sources */,
				7FF8C9A0ED7F0E695EAFD39C /* TunnelViewModel.swift in Sources */,
				F3B7163D933E8D9B98CA4DAD /* ZTLPApp.swift in Sources */,
				85AD116F993661084DAE78B2 /* ZTLPBridge.swift in Sources */,
				36E4621982918E5519BE8E9E /* ZTLPConfiguration.swift in Sources */,
				3A194533CA22CEED32C8D416 /* ZTLPIdentity.swift in Sources */,
				FE5E753515A12847AF6EFA6C /* ZTLPService.swift in Sources */,
			);
			runOnlyForDeploymentPostprocessing = 0;
		};
/* End PBXSourcesBuildPhase section */

/* Begin PBXTargetDependency section */
		3433B54D40A90FAA2976AEBD /* PBXTargetDependency */ = {
			isa = PBXTargetDependency;
			target = A5A3C551D811969551B3213B /* ZTLP */;
			targetProxy = 5D17FBE22F041E8CC44B9466 /* PBXContainerItemProxy */;
		};
		4A5CD4938CA7CEE485FC7D81 /* PBXTargetDependency */ = {
			isa = PBXTargetDependency;
			target = 0A39B7183C7795E29D6F343E /* ZTLPSystemExtension */;
			targetProxy = BD2D504C9D4333DF7A9E39E6 /* PBXContainerItemProxy */;
		};
/* End PBXTargetDependency section */

/* Begin XCBuildConfiguration section */
		2FFD2D3DFC3B8D40BE949F53 /* Debug */ = {
			isa = XCBuildConfiguration;
			buildSettings = {
				CODE_SIGN_STYLE = Automatic;
				COMBINE_HIDPI_IMAGES = YES;
				DEVELOPMENT_TEAM = 5527A7TH5P;
				HEADER_SEARCH_PATHS = (
					"$(inherited)",
					"$(PROJECT_DIR)/Libraries",
				);
				INFOPLIST_FILE = ZTLPSystemExtension/Info.plist;
				LD_RUNPATH_SEARCH_PATHS = (
					"$(inherited)",
					"@executable_path/../Frameworks",
				);
				LIBRARY_SEARCH_PATHS = (
					"$(inherited)",
					"$(PROJECT_DIR)/Libraries",
				);
				MACOSX_DEPLOYMENT_TARGET = 13.0;
				OTHER_LDFLAGS = (
					"$(inherited)",
					"-lztlp_proto",
					"-lresolv",
					"-lz",
				);
				PRODUCT_BUNDLE_IDENTIFIER = "com.ztlp.app.macos.system-extension";
				SDKROOT = macosx;
				SKIP_INSTALL = YES;
				SWIFT_OBJC_BRIDGING_HEADER = "ZTLPSystemExtension/ZTLPSystemExtension-Bridging-Header.h";
				SWIFT_VERSION = 5.9;
			};
			name = Debug;
		};
		67D94A6432F7DB2D5594DA55 /* Debug */ = {
			isa = XCBuildConfiguration;
			buildSettings = {
				ASSETCATALOG_COMPILER_APPICON_NAME = AppIcon;
				CODE_SIGN_ENTITLEMENTS = ZTLP/ZTLP.entitlements;
				CODE_SIGN_STYLE = Automatic;
				COMBINE_HIDPI_IMAGES = YES;
				DEVELOPMENT_TEAM = 5527A7TH5P;
				HEADER_SEARCH_PATHS = (
					"$(inherited)",
					"$(PROJECT_DIR)/Libraries",
				);
				INFOPLIST_FILE = ZTLP/Resources/Info.plist;
				LD_RUNPATH_SEARCH_PATHS = (
					"$(inherited)",
					"@executable_path/../Frameworks",
				);
				LIBRARY_SEARCH_PATHS = (
					"$(inherited)",
					"$(PROJECT_DIR)/Libraries",
				);
				MACOSX_DEPLOYMENT_TARGET = 13.0;
				OTHER_LDFLAGS = (
					"$(inherited)",
					"-lztlp_proto",
					"-lresolv",
					"-lz",
				);
				PRODUCT_BUNDLE_IDENTIFIER = com.ztlp.app.macos;
				SDKROOT = macosx;
				SWIFT_OBJC_BRIDGING_HEADER = "ZTLP/ZTLP-Bridging-Header.h";
				SWIFT_VERSION = 5.9;
			};
			name = Debug;
		};
		88B0C38BD7827BE3715C340C /* Debug */ = {
			isa = XCBuildConfiguration;
			buildSettings = {
				ALWAYS_SEARCH_USER_PATHS = NO;
				CLANG_ANALYZER_NONNULL = YES;
				CLANG_ANALYZER_NUMBER_OBJECT_CONVERSION = YES_AGGRESSIVE;
				CLANG_CXX_LANGUAGE_STANDARD = "gnu++14";
				CLANG_CXX_LIBRARY = "libc++";
				CLANG_ENABLE_MODULES = YES;
				CLANG_ENABLE_OBJC_ARC = YES;
				CLANG_ENABLE_OBJC_WEAK = YES;
				CLANG_WARN_BLOCK_CAPTURE_AUTORELEASING = YES;
				CLANG_WARN_BOOL_CONVERSION = YES;
				CLANG_WARN_COMMA = YES;
				CLANG_WARN_CONSTANT_CONVERSION = YES;
				CLANG_WARN_DEPRECATED_OBJC_IMPLEMENTATIONS = YES;
				CLANG_WARN_DIRECT_OBJC_ISA_USAGE = YES_ERROR;
				CLANG_WARN_DOCUMENTATION_COMMENTS = YES;
				CLANG_WARN_EMPTY_BODY = YES;
				CLANG_WARN_ENUM_CONVERSION = YES;
				CLANG_WARN_INFINITE_RECURSION = YES;
				CLANG_WARN_INT_CONVERSION = YES;
				CLANG_WARN_NON_LITERAL_NULL_CONVERSION = YES;
				CLANG_WARN_OBJC_IMPLICIT_RETAIN_SELF = YES;
				CLANG_WARN_OBJC_LITERAL_CONVERSION = YES;
				CLANG_WARN_OBJC_ROOT_CLASS = YES_ERROR;
				CLANG_WARN_QUOTED_INCLUDE_IN_FRAMEWORK_HEADER = YES;
				CLANG_WARN_RANGE_LOOP_ANALYSIS = YES;
				CLANG_WARN_STRICT_PROTOTYPES = YES;
				CLANG_WARN_SUSPICIOUS_MOVE = YES;
				CLANG_WARN_UNGUARDED_AVAILABILITY = YES_AGGRESSIVE;
				CLANG_WARN_UNREACHABLE_CODE = YES;
				CLANG_WARN__DUPLICATE_METHOD_MATCH = YES;
				COPY_PHASE_STRIP = NO;
				DEBUG_INFORMATION_FORMAT = dwarf;
				ENABLE_STRICT_OBJC_MSGSEND = YES;
				ENABLE_TESTABILITY = YES;
				GCC_C_LANGUAGE_STANDARD = gnu11;
				GCC_DYNAMIC_NO_PIC = NO;
				GCC_NO_COMMON_BLOCKS = YES;
				GCC_OPTIMIZATION_LEVEL = 0;
				GCC_PREPROCESSOR_DEFINITIONS = (
					"$(inherited)",
					"DEBUG=1",
				);
				GCC_WARN_64_TO_32_BIT_CONVERSION = YES;
				GCC_WARN_ABOUT_RETURN_TYPE = YES_ERROR;
				GCC_WARN_UNDECLARED_SELECTOR = YES;
				GCC_WARN_UNINITIALIZED_AUTOS = YES_AGGRESSIVE;
				GCC_WARN_UNUSED_FUNCTION = YES;
				GCC_WARN_UNUSED_VARIABLE = YES;
				MACOSX_DEPLOYMENT_TARGET = 13.0;
				MTL_ENABLE_DEBUG_INFO = INCLUDE_SOURCE;
				MTL_FAST_MATH = YES;
				ONLY_ACTIVE_ARCH = YES;
				PRODUCT_NAME = "$(TARGET_NAME)";
				SDKROOT = macosx;
				SWIFT_ACTIVE_COMPILATION_CONDITIONS = DEBUG;
				SWIFT_OPTIMIZATION_LEVEL = "-Onone";
				SWIFT_VERSION = 5.0;
			};
			name = Debug;
		};
		8DFB2DB06067E98210C7709F /* Release */ = {
			isa = XCBuildConfiguration;
			buildSettings = {
				ASSETCATALOG_COMPILER_APPICON_NAME = AppIcon;
				CODE_SIGN_ENTITLEMENTS = ZTLP/ZTLP.entitlements;
				CODE_SIGN_STYLE = Automatic;
				COMBINE_HIDPI_IMAGES = YES;
				DEVELOPMENT_TEAM = 5527A7TH5P;
				HEADER_SEARCH_PATHS = (
					"$(inherited)",
					"$(PROJECT_DIR)/Libraries",
				);
				INFOPLIST_FILE = ZTLP/Resources/Info.plist;
				LD_RUNPATH_SEARCH_PATHS = (
					"$(inherited)",
					"@executable_path/../Frameworks",
				);
				LIBRARY_SEARCH_PATHS = (
					"$(inherited)",
					"$(PROJECT_DIR)/Libraries",
				);
				MACOSX_DEPLOYMENT_TARGET = 13.0;
				OTHER_LDFLAGS = (
					"$(inherited)",
					"-lztlp_proto",
					"-lresolv",
					"-lz",
				);
				PRODUCT_BUNDLE_IDENTIFIER = com.ztlp.app.macos;
				SDKROOT = macosx;
				SWIFT_OBJC_BRIDGING_HEADER = "ZTLP/ZTLP-Bridging-Header.h";
				SWIFT_VERSION = 5.9;
			};
			name = Release;
		};
		A3E9731B92EFD24E727C6099 /* Debug */ = {
			isa = XCBuildConfiguration;
			buildSettings = {
				BUNDLE_LOADER = "$(TEST_HOST)";
				COMBINE_HIDPI_IMAGES = YES;
				LD_RUNPATH_SEARCH_PATHS = (
					"$(inherited)",
					"@executable_path/../Frameworks",
					"@loader_path/../Frameworks",
				);
				MACOSX_DEPLOYMENT_TARGET = 13.0;
				PRODUCT_BUNDLE_IDENTIFIER = com.ztlp.ZTLPTests;
				SDKROOT = macosx;
				SWIFT_VERSION = 5.9;
				TEST_HOST = "$(BUILT_PRODUCTS_DIR)/ZTLP.app/Contents/MacOS/ZTLP";
			};
			name = Debug;
		};
		BCF40208AA6E7840C81BD489 /* Release */ = {
			isa = XCBuildConfiguration;
			buildSettings = {
				BUNDLE_LOADER = "$(TEST_HOST)";
				COMBINE_HIDPI_IMAGES = YES;
				LD_RUNPATH_SEARCH_PATHS = (
					"$(inherited)",
					"@executable_path/../Frameworks",
					"@loader_path/../Frameworks",
				);
				MACOSX_DEPLOYMENT_TARGET = 13.0;
				PRODUCT_BUNDLE_IDENTIFIER = com.ztlp.ZTLPTests;
				SDKROOT = macosx;
				SWIFT_VERSION = 5.9;
				TEST_HOST = "$(BUILT_PRODUCTS_DIR)/ZTLP.app/Contents/MacOS/ZTLP";
			};
			name = Release;
		};
		BF19B811BC6699044FD01B3D /* Release */ = {
			isa = XCBuildConfiguration;
			buildSettings = {
				CODE_SIGN_STYLE = Automatic;
				COMBINE_HIDPI_IMAGES = YES;
				DEVELOPMENT_TEAM = 5527A7TH5P;
				HEADER_SEARCH_PATHS = (
					"$(inherited)",
					"$(PROJECT_DIR)/Libraries",
				);
				INFOPLIST_FILE = ZTLPSystemExtension/Info.plist;
				LD_RUNPATH_SEARCH_PATHS = (
					"$(inherited)",
					"@executable_path/../Frameworks",
				);
				LIBRARY_SEARCH_PATHS = (
					"$(inherited)",
					"$(PROJECT_DIR)/Libraries",
				);
				MACOSX_DEPLOYMENT_TARGET = 13.0;
				OTHER_LDFLAGS = (
					"$(inherited)",
					"-lztlp_proto",
					"-lresolv",
					"-lz",
				);
				PRODUCT_BUNDLE_IDENTIFIER = "com.ztlp.app.macos.system-extension";
				SDKROOT = macosx;
				SKIP_INSTALL = YES;
				SWIFT_OBJC_BRIDGING_HEADER = "ZTLPSystemExtension/ZTLPSystemExtension-Bridging-Header.h";
				SWIFT_VERSION = 5.9;
			};
			name = Release;
		};
		F418148243C62F9FDC17AAAB /* Release */ = {
			isa = XCBuildConfiguration;
			buildSettings = {
				ALWAYS_SEARCH_USER_PATHS = NO;
				CLANG_ANALYZER_NONNULL = YES;
				CLANG_ANALYZER_NUMBER_OBJECT_CONVERSION = YES_AGGRESSIVE;
				CLANG_CXX_LANGUAGE_STANDARD = "gnu++14";
				CLANG_CXX_LIBRARY = "libc++";
				CLANG_ENABLE_MODULES = YES;
				CLANG_ENABLE_OBJC_ARC = YES;
				CLANG_ENABLE_OBJC_WEAK = YES;
				CLANG_WARN_BLOCK_CAPTURE_AUTORELEASING = YES;
				CLANG_WARN_BOOL_CONVERSION = YES;
				CLANG_WARN_COMMA = YES;
				CLANG_WARN_CONSTANT_CONVERSION = YES;
				CLANG_WARN_DEPRECATED_OBJC_IMPLEMENTATIONS = YES;
				CLANG_WARN_DIRECT_OBJC_ISA_USAGE = YES_ERROR;
				CLANG_WARN_DOCUMENTATION_COMMENTS = YES;
				CLANG_WARN_EMPTY_BODY = YES;
				CLANG_WARN_ENUM_CONVERSION = YES;
				CLANG_WARN_INFINITE_RECURSION = YES;
				CLANG_WARN_INT_CONVERSION = YES;
				CLANG_WARN_NON_LITERAL_NULL_CONVERSION = YES;
				CLANG_WARN_OBJC_IMPLICIT_RETAIN_SELF = YES;
				CLANG_WARN_OBJC_LITERAL_CONVERSION = YES;
				CLANG_WARN_OBJC_ROOT_CLASS = YES_ERROR;
				CLANG_WARN_QUOTED_INCLUDE_IN_FRAMEWORK_HEADER = YES;
				CLANG_WARN_RANGE_LOOP_ANALYSIS = YES;
				CLANG_WARN_STRICT_PROTOTYPES = YES;
				CLANG_WARN_SUSPICIOUS_MOVE = YES;
				CLANG_WARN_UNGUARDED_AVAILABILITY = YES_AGGRESSIVE;
				CLANG_WARN_UNREACHABLE_CODE = YES;
				CLANG_WARN__DUPLICATE_METHOD_MATCH = YES;
				COPY_PHASE_STRIP = NO;
				DEBUG_INFORMATION_FORMAT = "dwarf-with-dsym";
				ENABLE_NS_ASSERTIONS = NO;
				ENABLE_STRICT_OBJC_MSGSEND = YES;
				GCC_C_LANGUAGE_STANDARD = gnu11;
				GCC_NO_COMMON_BLOCKS = YES;
				GCC_WARN_64_TO_32_BIT_CONVERSION = YES;
				GCC_WARN_ABOUT_RETURN_TYPE = YES_ERROR;
				GCC_WARN_UNDECLARED_SELECTOR = YES;
				GCC_WARN_UNINITIALIZED_AUTOS = YES_AGGRESSIVE;
				GCC_WARN_UNUSED_FUNCTION = YES;
				GCC_WARN_UNUSED_VARIABLE = YES;
				MACOSX_DEPLOYMENT_TARGET = 13.0;
				MTL_ENABLE_DEBUG_INFO = NO;
				MTL_FAST_MATH = YES;
				PRODUCT_NAME = "$(TARGET_NAME)";
				SDKROOT = macosx;
				SWIFT_COMPILATION_MODE = wholemodule;
				SWIFT_OPTIMIZATION_LEVEL = "-O";
				SWIFT_VERSION = 5.0;
			};
			name = Release;
		};
/* End XCBuildConfiguration section */

/* Begin XCConfigurationList section */
		05FC7F5A33943BB2325C2F18 /* Build configuration list for PBXNativeTarget "ZTLP" */ = {
			isa = XCConfigurationList;
			buildConfigurations = (
				67D94A6432F7DB2D5594DA55 /* Debug */,
				8DFB2DB06067E98210C7709F /* Release */,
			);
			defaultConfigurationIsVisible = 0;
			defaultConfigurationName = Debug;
		};
		9306A94B182D82CBD7254D53 /* Build configuration list for PBXNativeTarget "ZTLPTests" */ = {
			isa = XCConfigurationList;
			buildConfigurations = (
				A3E9731B92EFD24E727C6099 /* Debug */,
				BCF40208AA6E7840C81BD489 /* Release */,
			);
			defaultConfigurationIsVisible = 0;
			defaultConfigurationName = Debug;
		};
		A810BF80A4C07AF6FD66FC8F /* Build configuration list for PBXProject "ZTLP" */ = {
			isa = XCConfigurationList;
			buildConfigurations = (
				88B0C38BD7827BE3715C340C /* Debug */,
				F418148243C62F9FDC17AAAB /* Release */,
			);
			defaultConfigurationIsVisible = 0;
			defaultConfigurationName = Debug;
		};
		E37BD99D1BCFC92372481492 /* Build configuration list for PBXNativeTarget "ZTLPSystemExtension" */ = {
			isa = XCConfigurationList;
			buildConfigurations = (
				2FFD2D3DFC3B8D40BE949F53 /* Debug */,
				BF19B811BC6699044FD01B3D /* Release */,
			);
			defaultConfigurationIsVisible = 0;
			defaultConfigurationName = Debug;
		};
/* End XCConfigurationList section */
	};
	rootObject = 5B8C0C9C65F0E3E44C34D523 /* Project object */;
}
